// !$*UTF8*$!
{
	archiveVersion = 1;
	classes = {
	};
	objectVersion = 46;
	objects = {

/* Begin PBXBuildFile section */
		52092A671BF2447700B2A1EE /* AppDelegate.swift in Sources */ = {isa = PBXBuildFile; fileRef = 52092A661BF2447700B2A1EE /* AppDelegate.swift */; };
		52092A6B1BF2447700B2A1EE /* Assets.xcassets in Resources */ = {isa = PBXBuildFile; fileRef = 52092A6A1BF2447700B2A1EE /* Assets.xcassets */; };
		52092A6E1BF2447700B2A1EE /* Main.storyboard in Resources */ = {isa = PBXBuildFile; fileRef = 52092A6C1BF2447700B2A1EE /* Main.storyboard */; };
		52092ADB1BF2556500B2A1EE /* Keystone_OSX_Model.framework in Frameworks */ = {isa = PBXBuildFile; fileRef = 52092ADA1BF2555700B2A1EE /* Keystone_OSX_Model.framework */; };
/* End PBXBuildFile section */

/* Begin PBXContainerItemProxy section */
		52092AD91BF2555700B2A1EE /* PBXContainerItemProxy */ = {
			isa = PBXContainerItemProxy;
			containerPortal = 52092AD51BF2555600B2A1EE /* Keystone_OSX_Model.xcodeproj */;
			proxyType = 2;
			remoteGlobalIDString = 52092ACA1BF2555600B2A1EE;
			remoteInfo = Keystone_OSX_Model;
		};
/* End PBXContainerItemProxy section */

/* Begin PBXFileReference section */
		52092A631BF2447700B2A1EE /* Keystone-OSX.app */ = {isa = PBXFileReference; explicitFileType = wrapper.application; includeInIndex = 0; path = "Keystone-OSX.app"; sourceTree = BUILT_PRODUCTS_DIR; };
		52092A661BF2447700B2A1EE /* AppDelegate.swift */ = {isa = PBXFileReference; lastKnownFileType = sourcecode.swift; path = AppDelegate.swift; sourceTree = "<group>"; };
		52092A6A1BF2447700B2A1EE /* Assets.xcassets */ = {isa = PBXFileReference; lastKnownFileType = folder.assetcatalog; path = Assets.xcassets; sourceTree = "<group>"; };
		52092A6D1BF2447700B2A1EE /* Base */ = {isa = PBXFileReference; lastKnownFileType = file.storyboard; name = Base; path = Base.lproj/Main.storyboard; sourceTree = "<group>"; };
		52092A6F1BF2447700B2A1EE /* Info.plist */ = {isa = PBXFileReference; lastKnownFileType = text.plist.xml; path = Info.plist; sourceTree = "<group>"; };
		52092AD51BF2555600B2A1EE /* Keystone_OSX_Model.xcodeproj */ = {isa = PBXFileReference; lastKnownFileType = "wrapper.pb-project"; name = Keystone_OSX_Model.xcodeproj; path = Keystone_OSX_Model/Keystone_OSX_Model.xcodeproj; sourceTree = "<group>"; };
/* End PBXFileReference section */

/* Begin PBXFrameworksBuildPhase section */
		52092A601BF2447700B2A1EE /* Frameworks */ = {
			isa = PBXFrameworksBuildPhase;
			buildActionMask = 2147483647;
			files = (
				52092ADB1BF2556500B2A1EE /* Keystone_OSX_Model.framework in Frameworks */,
			);
			runOnlyForDeploymentPostprocessing = 0;
		};
/* End PBXFrameworksBuildPhase section */

/* Begin PBXGroup section */
		52092A5A1BF2447700B2A1EE = {
			isa = PBXGroup;
			children = (
				52092AD51BF2555600B2A1EE /* Keystone_OSX_Model.xcodeproj */,
				52092A651BF2447700B2A1EE /* Keystone-OSX */,
				52092A641BF2447700B2A1EE /* Products */,
			);
			sourceTree = "<group>";
		};
		52092A641BF2447700B2A1EE /* Products */ = {
			isa = PBXGroup;
			children = (
				52092A631BF2447700B2A1EE /* Keystone-OSX.app */,
			);
			name = Products;
			sourceTree = "<group>";
		};
		52092A651BF2447700B2A1EE /* Keystone-OSX */ = {
			isa = PBXGroup;
			children = (
				52092A661BF2447700B2A1EE /* AppDelegate.swift */,
				52092A6A1BF2447700B2A1EE /* Assets.xcassets */,
				52092A6C1BF2447700B2A1EE /* Main.storyboard */,
				52092A6F1BF2447700B2A1EE /* Info.plist */,
			);
			path = "Keystone-OSX";
			sourceTree = "<group>";
		};
		52092AD61BF2555600B2A1EE /* Products */ = {
			isa = PBXGroup;
			children = (
				52092ADA1BF2555700B2A1EE /* Keystone_OSX_Model.framework */,
			);
			name = Products;
			sourceTree = "<group>";
		};
/* End PBXGroup section */

/* Begin PBXNativeTarget section */
		52092A621BF2447700B2A1EE /* Keystone-OSX */ = {
			isa = PBXNativeTarget;
			buildConfigurationList = 52092A721BF2447700B2A1EE /* Build configuration list for PBXNativeTarget "Keystone-OSX" */;
			buildPhases = (
				52092A5F1BF2447700B2A1EE /* Sources */,
				52092A601BF2447700B2A1EE /* Frameworks */,
				52092A611BF2447700B2A1EE /* Resources */,
			);
			buildRules = (
			);
			dependencies = (
			);
			name = "Keystone-OSX";
			productName = "Keystone-OSX";
			productReference = 52092A631BF2447700B2A1EE /* Keystone-OSX.app */;
			productType = "com.apple.product-type.application";
		};
/* End PBXNativeTarget section */

/* Begin PBXProject section */
		52092A5B1BF2447700B2A1EE /* Project object */ = {
			isa = PBXProject;
			attributes = {
				LastUpgradeCheck = 0700;
				ORGANIZATIONNAME = "Todd Olsen";
				TargetAttributes = {
					52092A621BF2447700B2A1EE = {
						CreatedOnToolsVersion = 7.0;
					};
				};
			};
			buildConfigurationList = 52092A5E1BF2447700B2A1EE /* Build configuration list for PBXProject "Keystone-OSX" */;
			compatibilityVersion = "Xcode 3.2";
			developmentRegion = English;
			hasScannedForEncodings = 0;
			knownRegions = (
				en,
				Base,
			);
			mainGroup = 52092A5A1BF2447700B2A1EE;
			productRefGroup = 52092A641BF2447700B2A1EE /* Products */;
			projectDirPath = "";
			projectReferences = (
				{
					ProductGroup = 52092AD61BF2555600B2A1EE /* Products */;
					ProjectRef = 52092AD51BF2555600B2A1EE /* Keystone_OSX_Model.xcodeproj */;
				},
			);
			projectRoot = "";
			targets = (
				52092A621BF2447700B2A1EE /* Keystone-OSX */,
			);
		};
/* End PBXProject section */

/* Begin PBXReferenceProxy section */
		52092ADA1BF2555700B2A1EE /* Keystone_OSX_Model.framework */ = {
			isa = PBXReferenceProxy;
			fileType = wrapper.framework;
			path = Keystone_OSX_Model.framework;
			remoteRef = 52092AD91BF2555700B2A1EE /* PBXContainerItemProxy */;
			sourceTree = BUILT_PRODUCTS_DIR;
		};
/* End PBXReferenceProxy section */

/* Begin PBXResourcesBuildPhase section */
		52092A611BF2447700B2A1EE /* Resources */ = {
			isa = PBXResourcesBuildPhase;
			buildActionMask = 2147483647;
			files = (
				52092A6B1BF2447700B2A1EE /* Assets.xcassets in Resources */,
				52092A6E1BF2447700B2A1EE /* Main.storyboard in Resources */,
			);
			runOnlyForDeploymentPostprocessing = 0;
		};
/* End PBXResourcesBuildPhase section */

/* Begin PBXSourcesBuildPhase section */
		52092A5F1BF2447700B2A1EE /* Sources */ = {
			isa = PBXSourcesBuildPhase;
			buildActionMask = 2147483647;
			files = (
				52092A671BF2447700B2A1EE /* AppDelegate.swift in Sources */,
			);
			runOnlyForDeploymentPostprocessing = 0;
		};
/* End PBXSourcesBuildPhase section */

/* Begin PBXVariantGroup section */
		52092A6C1BF2447700B2A1EE /* Main.storyboard */ = {
			isa = PBXVariantGroup;
			children = (
				52092A6D1BF2447700B2A1EE /* Base */,
			);
			name = Main.storyboard;
			sourceTree = "<group>";
		};
/* End PBXVariantGroup section */

/* Begin XCBuildConfiguration section */
		52092A701BF2447700B2A1EE /* Debug */ = {
			isa = XCBuildConfiguration;
			buildSettings = {
				ALWAYS_SEARCH_USER_PATHS = NO;
				CLANG_CXX_LANGUAGE_STANDARD = "gnu++0x";
				CLANG_CXX_LIBRARY = "libc++";
				CLANG_ENABLE_MODULES = YES;
				CLANG_ENABLE_OBJC_ARC = YES;
				CLANG_WARN_BOOL_CONVERSION = YES;
				CLANG_WARN_CONSTANT_CONVERSION = YES;
				CLANG_WARN_DIRECT_OBJC_ISA_USAGE = YES_ERROR;
				CLANG_WARN_EMPTY_BODY = YES;
				CLANG_WARN_ENUM_CONVERSION = YES;
				CLANG_WARN_INT_CONVERSION = YES;
				CLANG_WARN_OBJC_ROOT_CLASS = YES_ERROR;
				CLANG_WARN_UNREACHABLE_CODE = YES;
				CLANG_WARN__DUPLICATE_METHOD_MATCH = YES;
				CODE_SIGN_IDENTITY = "-";
				COPY_PHASE_STRIP = NO;
				DEBUG_INFORMATION_FORMAT = dwarf;
				ENABLE_STRICT_OBJC_MSGSEND = YES;
				ENABLE_TESTABILITY = YES;
				GCC_C_LANGUAGE_STANDARD = gnu99;
				GCC_DYNAMIC_NO_PIC = NO;
				GCC_NO_COMMON_BLOCKS = YES;
				GCC_OPTIMIZATION_LEVEL = 0;
				GCC_PREPROCESSOR_DEFINITIONS = (
					"DEBUG=1",
					"$(inherited)",
				);
				GCC_WARN_64_TO_32_BIT_CONVERSION = YES;
				GCC_WARN_ABOUT_RETURN_TYPE = YES_ERROR;
				GCC_WARN_UNDECLARED_SELECTOR = YES;
				GCC_WARN_UNINITIALIZED_AUTOS = YES_AGGRESSIVE;
				GCC_WARN_UNUSED_FUNCTION = YES;
				GCC_WARN_UNUSED_VARIABLE = YES;
				MACOSX_DEPLOYMENT_TARGET = 10.11;
				MTL_ENABLE_DEBUG_INFO = YES;
				ONLY_ACTIVE_ARCH = YES;
				SDKROOT = macosx;
				SWIFT_OPTIMIZATION_LEVEL = "-Onone";
			};
			name = Debug;
		};
		52092A711BF2447700B2A1EE /* Release */ = {
			isa = XCBuildConfiguration;
			buildSettings = {
				ALWAYS_SEARCH_USER_PATHS = NO;
				CLANG_CXX_LANGUAGE_STANDARD = "gnu++0x";
				CLANG_CXX_LIBRARY = "libc++";
				CLANG_ENABLE_MODULES = YES;
				CLANG_ENABLE_OBJC_ARC = YES;
				CLANG_WARN_BOOL_CONVERSION = YES;
				CLANG_WARN_CONSTANT_CONVERSION = YES;
				CLANG_WARN_DIRECT_OBJC_ISA_USAGE = YES_ERROR;
				CLANG_WARN_EMPTY_BODY = YES;
				CLANG_WARN_ENUM_CONVERSION = YES;
				CLANG_WARN_INT_CONVERSION = YES;
				CLANG_WARN_OBJC_ROOT_CLASS = YES_ERROR;
				CLANG_WARN_UNREACHABLE_CODE = YES;
				CLANG_WARN__DUPLICATE_METHOD_MATCH = YES;
				CODE_SIGN_IDENTITY = "-";
				COPY_PHASE_STRIP = NO;
				DEBUG_INFORMATION_FORMAT = "dwarf-with-dsym";
				ENABLE_NS_ASSERTIONS = NO;
				ENABLE_STRICT_OBJC_MSGSEND = YES;
				GCC_C_LANGUAGE_STANDARD = gnu99;
				GCC_NO_COMMON_BLOCKS = YES;
				GCC_WARN_64_TO_32_BIT_CONVERSION = YES;
				GCC_WARN_ABOUT_RETURN_TYPE = YES_ERROR;
				GCC_WARN_UNDECLARED_SELECTOR = YES;
				GCC_WARN_UNINITIALIZED_AUTOS = YES_AGGRESSIVE;
				GCC_WARN_UNUSED_FUNCTION = YES;
				GCC_WARN_UNUSED_VARIABLE = YES;
				MACOSX_DEPLOYMENT_TARGET = 10.11;
				MTL_ENABLE_DEBUG_INFO = NO;
				SDKROOT = macosx;
			};
			name = Release;
		};
		52092A731BF2447700B2A1EE /* Debug */ = {
			isa = XCBuildConfiguration;
			buildSettings = {
				ASSETCATALOG_COMPILER_APPICON_NAME = AppIcon;
				COMBINE_HIDPI_IMAGES = YES;
				INFOPLIST_FILE = "Keystone-OSX/Info.plist";
				LD_RUNPATH_SEARCH_PATHS = "$(inherited) @executable_path/../Frameworks";
				PRODUCT_BUNDLE_IDENTIFIER = "com.Todd-Olsen.Keystone-OSX";
				PRODUCT_NAME = "$(TARGET_NAME)";
			};
			name = Debug;
		};
		52092A741BF2447700B2A1EE /* Release */ = {
			isa = XCBuildConfiguration;
			buildSettings = {
				ASSETCATALOG_COMPILER_APPICON_NAME = AppIcon;
				COMBINE_HIDPI_IMAGES = YES;
				INFOPLIST_FILE = "Keystone-OSX/Info.plist";
				LD_RUNPATH_SEARCH_PATHS = "$(inherited) @executable_path/../Frameworks";
				PRODUCT_BUNDLE_IDENTIFIER = "com.Todd-Olsen.Keystone-OSX";
				PRODUCT_NAME = "$(TARGET_NAME)";
			};
			name = Release;
		};
/* End XCBuildConfiguration section */

/* Begin XCConfigurationList section */
		52092A5E1BF2447700B2A1EE /* Build configuration list for PBXProject "Keystone-OSX" */ = {
			isa = XCConfigurationList;
			buildConfigurations = (
				52092A701BF2447700B2A1EE /* Debug */,
				52092A711BF2447700B2A1EE /* Release */,
			);
			defaultConfigurationIsVisible = 0;
			defaultConfigurationName = Release;
		};
		52092A721BF2447700B2A1EE /* Build configuration list for PBXNativeTarget "Keystone-OSX" */ = {
			isa = XCConfigurationList;
			buildConfigurations = (
				52092A731BF2447700B2A1EE /* Debug */,
				52092A741BF2447700B2A1EE /* Release */,
			);
			defaultConfigurationIsVisible = 0;
			defaultConfigurationName = Release;
		};
/* End XCConfigurationList section */
	};
	rootObject = 52092A5B1BF2447700B2A1EE /* Project object */;
}
