// !$*UTF8*$!
{
	archiveVersion = 1;
	classes = {
	};
	objectVersion = 46;
	objects = {

/* Begin PBXBuildFile section */
		52092B051BF259E500B2A1EE /* AppDelegate.swift in Sources */ = {isa = PBXBuildFile; fileRef = 52092B041BF259E500B2A1EE /* AppDelegate.swift */; };
		52092B091BF259E500B2A1EE /* Assets.xcassets in Resources */ = {isa = PBXBuildFile; fileRef = 52092B081BF259E500B2A1EE /* Assets.xcassets */; };
		521F9DD41C01737100129859 /* SourceListKit.h in Headers */ = {isa = PBXBuildFile; fileRef = 521F9DD31C01737100129859 /* SourceListKit.h */; settings = {ATTRIBUTES = (Public, ); }; };
		521F9DD81C01737100129859 /* SourceListKit.framework in Frameworks */ = {isa = PBXBuildFile; fileRef = 521F9DD11C01737100129859 /* SourceListKit.framework */; };
		521F9DD91C01737100129859 /* SourceListKit.framework in Embed Frameworks */ = {isa = PBXBuildFile; fileRef = 521F9DD11C01737100129859 /* SourceListKit.framework */; settings = {ATTRIBUTES = (CodeSignOnCopy, RemoveHeadersOnCopy, ); }; };
		521F9DE41C0173A900129859 /* SourceListConfigurationProvider.swift in Sources */ = {isa = PBXBuildFile; fileRef = 521F9DDD1C0173A900129859 /* SourceListConfigurationProvider.swift */; settings = {ASSET_TAGS = (); }; };
		521F9DE51C0173A900129859 /* SourceListItemsProvider.swift in Sources */ = {isa = PBXBuildFile; fileRef = 521F9DDE1C0173A900129859 /* SourceListItemsProvider.swift */; settings = {ASSET_TAGS = (); }; };
		521F9DE61C0173A900129859 /* SourceListItem.swift in Sources */ = {isa = PBXBuildFile; fileRef = 521F9DDF1C0173A900129859 /* SourceListItem.swift */; settings = {ASSET_TAGS = (); }; };
		521F9DE71C0173A900129859 /* TableCellView.swift in Sources */ = {isa = PBXBuildFile; fileRef = 521F9DE01C0173A900129859 /* TableCellView.swift */; settings = {ASSET_TAGS = (); }; };
		521F9DE81C0173A900129859 /* SourceListHeaderCellView.swift in Sources */ = {isa = PBXBuildFile; fileRef = 521F9DE11C0173A900129859 /* SourceListHeaderCellView.swift */; settings = {ASSET_TAGS = (); }; };
		521F9DE91C0173A900129859 /* SourceListDetailCellView.swift in Sources */ = {isa = PBXBuildFile; fileRef = 521F9DE21C0173A900129859 /* SourceListDetailCellView.swift */; settings = {ASSET_TAGS = (); }; };
		521F9DEA1C0173A900129859 /* TableRowView.swift in Sources */ = {isa = PBXBuildFile; fileRef = 521F9DE31C0173A900129859 /* TableRowView.swift */; settings = {ASSET_TAGS = (); }; };
		521F9DEC1C01742200129859 /* Constants.swift in Sources */ = {isa = PBXBuildFile; fileRef = 521F9DEB1C01742200129859 /* Constants.swift */; settings = {ASSET_TAGS = (); }; };
		521F9E4A1C0366ED00129859 /* WindowController.swift in Sources */ = {isa = PBXBuildFile; fileRef = 521F9E451C0366ED00129859 /* WindowController.swift */; settings = {ASSET_TAGS = (); }; };
		521F9E4B1C0366ED00129859 /* MainSplitViewController.swift in Sources */ = {isa = PBXBuildFile; fileRef = 521F9E461C0366ED00129859 /* MainSplitViewController.swift */; settings = {ASSET_TAGS = (); }; };
		521F9E4C1C0366ED00129859 /* SourceListTabViewController.swift in Sources */ = {isa = PBXBuildFile; fileRef = 521F9E471C0366ED00129859 /* SourceListTabViewController.swift */; settings = {ASSET_TAGS = (); }; };
		521F9E4D1C0366ED00129859 /* ContentTabViewController.swift in Sources */ = {isa = PBXBuildFile; fileRef = 521F9E481C0366ED00129859 /* ContentTabViewController.swift */; settings = {ASSET_TAGS = (); }; };
		521F9E4E1C0366ED00129859 /* SourceListViewController.swift in Sources */ = {isa = PBXBuildFile; fileRef = 521F9E491C0366ED00129859 /* SourceListViewController.swift */; settings = {ASSET_TAGS = (); }; };
		521F9E501C03671000129859 /* Main.storyboard in Resources */ = {isa = PBXBuildFile; fileRef = 521F9E4F1C03671000129859 /* Main.storyboard */; settings = {ASSET_TAGS = (); }; };
		521F9E591C03768C00129859 /* UtilityKit_OSX.h in Headers */ = {isa = PBXBuildFile; fileRef = 521F9E581C03768C00129859 /* UtilityKit_OSX.h */; settings = {ATTRIBUTES = (Public, ); }; };
		521F9E601C03768C00129859 /* UtilityKit_OSX.framework in Frameworks */ = {isa = PBXBuildFile; fileRef = 521F9E561C03768C00129859 /* UtilityKit_OSX.framework */; settings = {ASSET_TAGS = (); }; };
		521F9E671C03768C00129859 /* UtilityKit_OSXTests.swift in Sources */ = {isa = PBXBuildFile; fileRef = 521F9E661C03768C00129859 /* UtilityKit_OSXTests.swift */; };
		521F9E6B1C03768C00129859 /* UtilityKit_OSX.framework in Frameworks */ = {isa = PBXBuildFile; fileRef = 521F9E561C03768C00129859 /* UtilityKit_OSX.framework */; };
		521F9E6C1C03768C00129859 /* UtilityKit_OSX.framework in Embed Frameworks */ = {isa = PBXBuildFile; fileRef = 521F9E561C03768C00129859 /* UtilityKit_OSX.framework */; settings = {ATTRIBUTES = (CodeSignOnCopy, RemoveHeadersOnCopy, ); }; };
		521F9E791C0377B000129859 /* AppKitExtensions.swift in Sources */ = {isa = PBXBuildFile; fileRef = 521F9E731C0377B000129859 /* AppKitExtensions.swift */; settings = {ASSET_TAGS = (); }; };
		521F9E7A1C0377B000129859 /* Collection+Extensions.swift in Sources */ = {isa = PBXBuildFile; fileRef = 521F9E741C0377B000129859 /* Collection+Extensions.swift */; settings = {ASSET_TAGS = (); }; };
		521F9E7B1C0377B000129859 /* Delay.swift in Sources */ = {isa = PBXBuildFile; fileRef = 521F9E751C0377B000129859 /* Delay.swift */; settings = {ASSET_TAGS = (); }; };
		521F9E7C1C0377B000129859 /* first-names.txt in Resources */ = {isa = PBXBuildFile; fileRef = 521F9E761C0377B000129859 /* first-names.txt */; settings = {ASSET_TAGS = (); }; };
		521F9E7D1C0377B000129859 /* last-names.txt in Resources */ = {isa = PBXBuildFile; fileRef = 521F9E771C0377B000129859 /* last-names.txt */; settings = {ASSET_TAGS = (); }; };
		521F9E7E1C0377B000129859 /* Person.swift in Sources */ = {isa = PBXBuildFile; fileRef = 521F9E781C0377B000129859 /* Person.swift */; settings = {ASSET_TAGS = (); }; };
		521F9E8F1C0385CC00129859 /* UtilityKit_OSX.framework in Frameworks */ = {isa = PBXBuildFile; fileRef = 521F9E561C03768C00129859 /* UtilityKit_OSX.framework */; };
		521F9E921C03889800129859 /* Student+SourceListKit.swift in Sources */ = {isa = PBXBuildFile; fileRef = 521F9E911C03889800129859 /* Student+SourceListKit.swift */; settings = {ASSET_TAGS = (); }; };
		521F9E941C039E9700129859 /* StudentContentViewController.swift in Sources */ = {isa = PBXBuildFile; fileRef = 521F9E931C039E9700129859 /* StudentContentViewController.swift */; settings = {ASSET_TAGS = (); }; };
		521F9E9A1C03C1A000129859 /* Foundation+Extensions.swift in Sources */ = {isa = PBXBuildFile; fileRef = 521F9E991C03C1A000129859 /* Foundation+Extensions.swift */; settings = {ASSET_TAGS = (); }; };
		52C6C8981C09546B00476490 /* Keystone-Model-OSX.h in Headers */ = {isa = PBXBuildFile; fileRef = 52C6C8971C09546B00476490 /* Keystone-Model-OSX.h */; settings = {ATTRIBUTES = (Public, ); }; };
		52C6C89C1C09546B00476490 /* Keystone_Model_OSX.framework in Frameworks */ = {isa = PBXBuildFile; fileRef = 52C6C8951C09546B00476490 /* Keystone_Model_OSX.framework */; };
		52C6C89D1C09546B00476490 /* Keystone_Model_OSX.framework in Embed Frameworks */ = {isa = PBXBuildFile; fileRef = 52C6C8951C09546B00476490 /* Keystone_Model_OSX.framework */; settings = {ATTRIBUTES = (CodeSignOnCopy, RemoveHeadersOnCopy, ); }; };
		52C6C8C01C09550800476490 /* NSFetchRequest+Extensions.swift in Sources */ = {isa = PBXBuildFile; fileRef = 52C6C8B21C09550800476490 /* NSFetchRequest+Extensions.swift */; settings = {ASSET_TAGS = (); }; };
		52C6C8C11C09550800476490 /* ValueTransformer.swift in Sources */ = {isa = PBXBuildFile; fileRef = 52C6C8B31C09550800476490 /* ValueTransformer.swift */; settings = {ASSET_TAGS = (); }; };
		52C6C8C21C09550800476490 /* NSManagedObjectContext+Observers.swift in Sources */ = {isa = PBXBuildFile; fileRef = 52C6C8B41C09550800476490 /* NSManagedObjectContext+Observers.swift */; settings = {ASSET_TAGS = (); }; };
		52C6C8C31C09550800476490 /* ModelBuilder.swift in Sources */ = {isa = PBXBuildFile; fileRef = 52C6C8B51C09550800476490 /* ModelBuilder.swift */; settings = {ASSET_TAGS = (); }; };
		52C6C8C41C09550800476490 /* Collection+CoreDataExtensions.swift in Sources */ = {isa = PBXBuildFile; fileRef = 52C6C8B61C09550800476490 /* Collection+CoreDataExtensions.swift */; settings = {ASSET_TAGS = (); }; };
		52C6C8C51C09550800476490 /* Utilities.swift in Sources */ = {isa = PBXBuildFile; fileRef = 52C6C8B71C09550800476490 /* Utilities.swift */; settings = {ASSET_TAGS = (); }; };
		52C6C8C61C09550800476490 /* ModelVersionType.swift in Sources */ = {isa = PBXBuildFile; fileRef = 52C6C8B81C09550800476490 /* ModelVersionType.swift */; settings = {ASSET_TAGS = (); }; };
		52C6C8C71C09550800476490 /* ManagedObjectObserver.swift in Sources */ = {isa = PBXBuildFile; fileRef = 52C6C8B91C09550800476490 /* ManagedObjectObserver.swift */; settings = {ASSET_TAGS = (); }; };
		52C6C8C81C09550800476490 /* NSManagedObjectContext+Extensions.swift in Sources */ = {isa = PBXBuildFile; fileRef = 52C6C8BA1C09550800476490 /* NSManagedObjectContext+Extensions.swift */; settings = {ASSET_TAGS = (); }; };
		52C6C8C91C09550800476490 /* CoreDataErrors.swift in Sources */ = {isa = PBXBuildFile; fileRef = 52C6C8BB1C09550800476490 /* CoreDataErrors.swift */; settings = {ASSET_TAGS = (); }; };
		52C6C8CA1C09550800476490 /* Migration.swift in Sources */ = {isa = PBXBuildFile; fileRef = 52C6C8BC1C09550800476490 /* Migration.swift */; settings = {ASSET_TAGS = (); }; };
		52C6C8CB1C09550800476490 /* NSPersistentStoreCoordinator+Extensions.swift in Sources */ = {isa = PBXBuildFile; fileRef = 52C6C8BD1C09550800476490 /* NSPersistentStoreCoordinator+Extensions.swift */; settings = {ASSET_TAGS = (); }; };
		52C6C8CC1C09550800476490 /* NSManagedObject+Extensions.swift in Sources */ = {isa = PBXBuildFile; fileRef = 52C6C8BE1C09550800476490 /* NSManagedObject+Extensions.swift */; settings = {ASSET_TAGS = (); }; };
		52C6C8CD1C09550800476490 /* ManagedObject.swift in Sources */ = {isa = PBXBuildFile; fileRef = 52C6C8BF1C09550800476490 /* ManagedObject.swift */; settings = {ASSET_TAGS = (); }; };
		52C6C8D21C09552B00476490 /* KeystoneStack-OSX.swift in Sources */ = {isa = PBXBuildFile; fileRef = 52C6C8CE1C09552B00476490 /* KeystoneStack-OSX.swift */; settings = {ASSET_TAGS = (); }; };
		52C6C8D31C09552B00476490 /* KeystoneModelVersion.swift in Sources */ = {isa = PBXBuildFile; fileRef = 52C6C8CF1C09552B00476490 /* KeystoneModelVersion.swift */; settings = {ASSET_TAGS = (); }; };
		52C6C8D41C09552B00476490 /* KeystoneMergePolicy.swift in Sources */ = {isa = PBXBuildFile; fileRef = 52C6C8D01C09552B00476490 /* KeystoneMergePolicy.swift */; settings = {ASSET_TAGS = (); }; };
		52C6C8D51C09552B00476490 /* UpdateTimestampable.swift in Sources */ = {isa = PBXBuildFile; fileRef = 52C6C8D11C09552B00476490 /* UpdateTimestampable.swift */; settings = {ASSET_TAGS = (); }; };
		52C6C8E11C09553F00476490 /* Student.swift in Sources */ = {isa = PBXBuildFile; fileRef = 52C6C8D61C09553F00476490 /* Student.swift */; settings = {ASSET_TAGS = (); }; };
		52C6C8E21C09553F00476490 /* Assignment.swift in Sources */ = {isa = PBXBuildFile; fileRef = 52C6C8D71C09553F00476490 /* Assignment.swift */; settings = {ASSET_TAGS = (); }; };
		52C6C8E31C09553F00476490 /* AssignmentProblem.swift in Sources */ = {isa = PBXBuildFile; fileRef = 52C6C8D81C09553F00476490 /* AssignmentProblem.swift */; settings = {ASSET_TAGS = (); }; };
		52C6C8E41C09553F00476490 /* ProblemSet.swift in Sources */ = {isa = PBXBuildFile; fileRef = 52C6C8D91C09553F00476490 /* ProblemSet.swift */; settings = {ASSET_TAGS = (); }; };
		52C6C8E51C09553F00476490 /* ProblemSetTemplate.swift in Sources */ = {isa = PBXBuildFile; fileRef = 52C6C8DA1C09553F00476490 /* ProblemSetTemplate.swift */; settings = {ASSET_TAGS = (); }; };
		52C6C8E61C09553F00476490 /* ProblemItem.swift in Sources */ = {isa = PBXBuildFile; fileRef = 52C6C8DB1C09553F00476490 /* ProblemItem.swift */; settings = {ASSET_TAGS = (); }; };
		52C6C8E71C09553F00476490 /* Constituent.swift in Sources */ = {isa = PBXBuildFile; fileRef = 52C6C8DC1C09553F00476490 /* Constituent.swift */; settings = {ASSET_TAGS = (); }; };
		52C6C8E81C09553F00476490 /* ConstituentStyle.swift in Sources */ = {isa = PBXBuildFile; fileRef = 52C6C8DD1C09553F00476490 /* ConstituentStyle.swift */; settings = {ASSET_TAGS = (); }; };
		52C6C8E91C09553F00476490 /* Tag.swift in Sources */ = {isa = PBXBuildFile; fileRef = 52C6C8DE1C09553F00476490 /* Tag.swift */; settings = {ASSET_TAGS = (); }; };
		52C6C8EA1C09553F00476490 /* List.swift in Sources */ = {isa = PBXBuildFile; fileRef = 52C6C8DF1C09553F00476490 /* List.swift */; settings = {ASSET_TAGS = (); }; };
		52C6C8EE1C09557900476490 /* Keystone_v1.xcdatamodeld in Sources */ = {isa = PBXBuildFile; fileRef = 52C6C8EC1C09557900476490 /* Keystone_v1.xcdatamodeld */; settings = {ASSET_TAGS = (); }; };
		52D9E5941C0A2BFC00F0086B /* UtilityKit_OSX.framework in Frameworks */ = {isa = PBXBuildFile; fileRef = 521F9E561C03768C00129859 /* UtilityKit_OSX.framework */; };
/* End PBXBuildFile section */

/* Begin PBXContainerItemProxy section */
		521F9DD61C01737100129859 /* PBXContainerItemProxy */ = {
			isa = PBXContainerItemProxy;
			containerPortal = 52092AF91BF259E500B2A1EE /* Project object */;
			proxyType = 1;
			remoteGlobalIDString = 521F9DD01C01737100129859;
			remoteInfo = SourceListKit;
		};
		521F9E611C03768C00129859 /* PBXContainerItemProxy */ = {
			isa = PBXContainerItemProxy;
			containerPortal = 52092AF91BF259E500B2A1EE /* Project object */;
			proxyType = 1;
			remoteGlobalIDString = 521F9E551C03768C00129859;
			remoteInfo = UtilityKit_OSX;
		};
		521F9E631C03768C00129859 /* PBXContainerItemProxy */ = {
			isa = PBXContainerItemProxy;
			containerPortal = 52092AF91BF259E500B2A1EE /* Project object */;
			proxyType = 1;
			remoteGlobalIDString = 52092B001BF259E500B2A1EE;
			remoteInfo = "Keystone-OSX";
		};
		521F9E691C03768C00129859 /* PBXContainerItemProxy */ = {
			isa = PBXContainerItemProxy;
			containerPortal = 52092AF91BF259E500B2A1EE /* Project object */;
			proxyType = 1;
			remoteGlobalIDString = 521F9E551C03768C00129859;
			remoteInfo = UtilityKit_OSX;
		};
		52C6C89A1C09546B00476490 /* PBXContainerItemProxy */ = {
			isa = PBXContainerItemProxy;
			containerPortal = 52092AF91BF259E500B2A1EE /* Project object */;
			proxyType = 1;
			remoteGlobalIDString = 52C6C8941C09546B00476490;
			remoteInfo = "Keystone-Model-OSX";
		};
/* End PBXContainerItemProxy section */

/* Begin PBXCopyFilesBuildPhase section */
		52092B241BF25A0100B2A1EE /* Embed Frameworks */ = {
			isa = PBXCopyFilesBuildPhase;
			buildActionMask = 2147483647;
			dstPath = "";
			dstSubfolderSpec = 10;
			files = (
				521F9DD91C01737100129859 /* SourceListKit.framework in Embed Frameworks */,
				52C6C89D1C09546B00476490 /* Keystone_Model_OSX.framework in Embed Frameworks */,
				521F9E6C1C03768C00129859 /* UtilityKit_OSX.framework in Embed Frameworks */,
			);
			name = "Embed Frameworks";
			runOnlyForDeploymentPostprocessing = 0;
		};
/* End PBXCopyFilesBuildPhase section */

/* Begin PBXFileReference section */
		52092B011BF259E500B2A1EE /* Keystone-OSX.app */ = {isa = PBXFileReference; explicitFileType = wrapper.application; includeInIndex = 0; path = "Keystone-OSX.app"; sourceTree = BUILT_PRODUCTS_DIR; };
		52092B041BF259E500B2A1EE /* AppDelegate.swift */ = {isa = PBXFileReference; lastKnownFileType = sourcecode.swift; path = AppDelegate.swift; sourceTree = "<group>"; };
		52092B081BF259E500B2A1EE /* Assets.xcassets */ = {isa = PBXFileReference; lastKnownFileType = folder.assetcatalog; path = Assets.xcassets; sourceTree = "<group>"; };
		52092B0D1BF259E500B2A1EE /* Info.plist */ = {isa = PBXFileReference; lastKnownFileType = text.plist.xml; path = Info.plist; sourceTree = "<group>"; };
		52092B861BF277C700B2A1EE /* Keystone-OSX.entitlements */ = {isa = PBXFileReference; lastKnownFileType = text.xml; path = "Keystone-OSX.entitlements"; sourceTree = "<group>"; };
		521F9DD11C01737100129859 /* SourceListKit.framework */ = {isa = PBXFileReference; explicitFileType = wrapper.framework; includeInIndex = 0; path = SourceListKit.framework; sourceTree = BUILT_PRODUCTS_DIR; };
		521F9DD31C01737100129859 /* SourceListKit.h */ = {isa = PBXFileReference; lastKnownFileType = sourcecode.c.h; path = SourceListKit.h; sourceTree = "<group>"; };
		521F9DD51C01737100129859 /* Info.plist */ = {isa = PBXFileReference; lastKnownFileType = text.plist.xml; path = Info.plist; sourceTree = "<group>"; };
		521F9DDD1C0173A900129859 /* SourceListConfigurationProvider.swift */ = {isa = PBXFileReference; fileEncoding = 4; lastKnownFileType = sourcecode.swift; path = SourceListConfigurationProvider.swift; sourceTree = "<group>"; };
		521F9DDE1C0173A900129859 /* SourceListItemsProvider.swift */ = {isa = PBXFileReference; fileEncoding = 4; lastKnownFileType = sourcecode.swift; path = SourceListItemsProvider.swift; sourceTree = "<group>"; };
		521F9DDF1C0173A900129859 /* SourceListItem.swift */ = {isa = PBXFileReference; fileEncoding = 4; lastKnownFileType = sourcecode.swift; path = SourceListItem.swift; sourceTree = "<group>"; };
		521F9DE01C0173A900129859 /* TableCellView.swift */ = {isa = PBXFileReference; fileEncoding = 4; lastKnownFileType = sourcecode.swift; path = TableCellView.swift; sourceTree = "<group>"; };
		521F9DE11C0173A900129859 /* SourceListHeaderCellView.swift */ = {isa = PBXFileReference; fileEncoding = 4; lastKnownFileType = sourcecode.swift; path = SourceListHeaderCellView.swift; sourceTree = "<group>"; };
		521F9DE21C0173A900129859 /* SourceListDetailCellView.swift */ = {isa = PBXFileReference; fileEncoding = 4; lastKnownFileType = sourcecode.swift; path = SourceListDetailCellView.swift; sourceTree = "<group>"; };
		521F9DE31C0173A900129859 /* TableRowView.swift */ = {isa = PBXFileReference; fileEncoding = 4; lastKnownFileType = sourcecode.swift; path = TableRowView.swift; sourceTree = "<group>"; };
		521F9DEB1C01742200129859 /* Constants.swift */ = {isa = PBXFileReference; fileEncoding = 4; lastKnownFileType = sourcecode.swift; path = Constants.swift; sourceTree = "<group>"; };
		521F9E451C0366ED00129859 /* WindowController.swift */ = {isa = PBXFileReference; fileEncoding = 4; lastKnownFileType = sourcecode.swift; path = WindowController.swift; sourceTree = "<group>"; };
		521F9E461C0366ED00129859 /* MainSplitViewController.swift */ = {isa = PBXFileReference; fileEncoding = 4; lastKnownFileType = sourcecode.swift; path = MainSplitViewController.swift; sourceTree = "<group>"; };
		521F9E471C0366ED00129859 /* SourceListTabViewController.swift */ = {isa = PBXFileReference; fileEncoding = 4; lastKnownFileType = sourcecode.swift; path = SourceListTabViewController.swift; sourceTree = "<group>"; };
		521F9E481C0366ED00129859 /* ContentTabViewController.swift */ = {isa = PBXFileReference; fileEncoding = 4; lastKnownFileType = sourcecode.swift; path = ContentTabViewController.swift; sourceTree = "<group>"; };
		521F9E491C0366ED00129859 /* SourceListViewController.swift */ = {isa = PBXFileReference; fileEncoding = 4; lastKnownFileType = sourcecode.swift; path = SourceListViewController.swift; sourceTree = "<group>"; };
		521F9E4F1C03671000129859 /* Main.storyboard */ = {isa = PBXFileReference; fileEncoding = 4; lastKnownFileType = file.storyboard; path = Main.storyboard; sourceTree = "<group>"; };
		521F9E561C03768C00129859 /* UtilityKit_OSX.framework */ = {isa = PBXFileReference; explicitFileType = wrapper.framework; includeInIndex = 0; path = UtilityKit_OSX.framework; sourceTree = BUILT_PRODUCTS_DIR; };
		521F9E581C03768C00129859 /* UtilityKit_OSX.h */ = {isa = PBXFileReference; lastKnownFileType = sourcecode.c.h; path = UtilityKit_OSX.h; sourceTree = "<group>"; };
		521F9E5A1C03768C00129859 /* Info.plist */ = {isa = PBXFileReference; lastKnownFileType = text.plist.xml; path = Info.plist; sourceTree = "<group>"; };
		521F9E5F1C03768C00129859 /* UtilityKit_OSXTests.xctest */ = {isa = PBXFileReference; explicitFileType = wrapper.cfbundle; includeInIndex = 0; path = UtilityKit_OSXTests.xctest; sourceTree = BUILT_PRODUCTS_DIR; };
		521F9E661C03768C00129859 /* UtilityKit_OSXTests.swift */ = {isa = PBXFileReference; lastKnownFileType = sourcecode.swift; path = UtilityKit_OSXTests.swift; sourceTree = "<group>"; };
		521F9E681C03768C00129859 /* Info.plist */ = {isa = PBXFileReference; lastKnownFileType = text.plist.xml; path = Info.plist; sourceTree = "<group>"; };
		521F9E731C0377B000129859 /* AppKitExtensions.swift */ = {isa = PBXFileReference; fileEncoding = 4; lastKnownFileType = sourcecode.swift; name = AppKitExtensions.swift; path = ../../../Shared/Utilities/OSX/AppKitExtensions.swift; sourceTree = "<group>"; };
		521F9E741C0377B000129859 /* Collection+Extensions.swift */ = {isa = PBXFileReference; fileEncoding = 4; lastKnownFileType = sourcecode.swift; name = "Collection+Extensions.swift"; path = "../../../Shared/Utilities/Shared/Collection+Extensions.swift"; sourceTree = "<group>"; };
		521F9E751C0377B000129859 /* Delay.swift */ = {isa = PBXFileReference; fileEncoding = 4; lastKnownFileType = sourcecode.swift; name = Delay.swift; path = ../../../Shared/Utilities/Shared/Delay.swift; sourceTree = "<group>"; };
		521F9E761C0377B000129859 /* first-names.txt */ = {isa = PBXFileReference; fileEncoding = 4; lastKnownFileType = text; name = "first-names.txt"; path = "../../../Shared/Utilities/Shared/first-names.txt"; sourceTree = "<group>"; };
		521F9E771C0377B000129859 /* last-names.txt */ = {isa = PBXFileReference; fileEncoding = 4; lastKnownFileType = text; name = "last-names.txt"; path = "../../../Shared/Utilities/Shared/last-names.txt"; sourceTree = "<group>"; };
		521F9E781C0377B000129859 /* Person.swift */ = {isa = PBXFileReference; fileEncoding = 4; lastKnownFileType = sourcecode.swift; name = Person.swift; path = ../../../Shared/Utilities/Shared/Person.swift; sourceTree = "<group>"; };
		521F9E911C03889800129859 /* Student+SourceListKit.swift */ = {isa = PBXFileReference; fileEncoding = 4; lastKnownFileType = sourcecode.swift; path = "Student+SourceListKit.swift"; sourceTree = "<group>"; };
		521F9E931C039E9700129859 /* StudentContentViewController.swift */ = {isa = PBXFileReference; fileEncoding = 4; lastKnownFileType = sourcecode.swift; path = StudentContentViewController.swift; sourceTree = "<group>"; };
		521F9E991C03C1A000129859 /* Foundation+Extensions.swift */ = {isa = PBXFileReference; fileEncoding = 4; lastKnownFileType = sourcecode.swift; name = "Foundation+Extensions.swift"; path = "../../../Shared/Utilities/Shared/Foundation+Extensions.swift"; sourceTree = "<group>"; };
		52C6C8951C09546B00476490 /* Keystone_Model_OSX.framework */ = {isa = PBXFileReference; explicitFileType = wrapper.framework; includeInIndex = 0; path = Keystone_Model_OSX.framework; sourceTree = BUILT_PRODUCTS_DIR; };
		52C6C8971C09546B00476490 /* Keystone-Model-OSX.h */ = {isa = PBXFileReference; lastKnownFileType = sourcecode.c.h; path = "Keystone-Model-OSX.h"; sourceTree = "<group>"; };
		52C6C8991C09546B00476490 /* Info.plist */ = {isa = PBXFileReference; lastKnownFileType = text.plist.xml; path = Info.plist; sourceTree = "<group>"; };
		52C6C8B21C09550800476490 /* NSFetchRequest+Extensions.swift */ = {isa = PBXFileReference; fileEncoding = 4; lastKnownFileType = sourcecode.swift; name = "NSFetchRequest+Extensions.swift"; path = "../../../Model/KeystoneModel/NSFetchRequest+Extensions.swift"; sourceTree = "<group>"; };
		52C6C8B31C09550800476490 /* ValueTransformer.swift */ = {isa = PBXFileReference; fileEncoding = 4; lastKnownFileType = sourcecode.swift; name = ValueTransformer.swift; path = ../../../Model/KeystoneModel/ValueTransformer.swift; sourceTree = "<group>"; };
		52C6C8B41C09550800476490 /* NSManagedObjectContext+Observers.swift */ = {isa = PBXFileReference; fileEncoding = 4; lastKnownFileType = sourcecode.swift; name = "NSManagedObjectContext+Observers.swift"; path = "../../../Model/KeystoneModel/NSManagedObjectContext+Observers.swift"; sourceTree = "<group>"; };
		52C6C8B51C09550800476490 /* ModelBuilder.swift */ = {isa = PBXFileReference; fileEncoding = 4; lastKnownFileType = sourcecode.swift; name = ModelBuilder.swift; path = ../../../Model/KeystoneModel/ModelBuilder.swift; sourceTree = "<group>"; };
		52C6C8B61C09550800476490 /* Collection+CoreDataExtensions.swift */ = {isa = PBXFileReference; fileEncoding = 4; lastKnownFileType = sourcecode.swift; name = "Collection+CoreDataExtensions.swift"; path = "../../../Model/KeystoneModel/Collection+CoreDataExtensions.swift"; sourceTree = "<group>"; };
		52C6C8B71C09550800476490 /* Utilities.swift */ = {isa = PBXFileReference; fileEncoding = 4; lastKnownFileType = sourcecode.swift; name = Utilities.swift; path = ../../../Model/KeystoneModel/Utilities.swift; sourceTree = "<group>"; };
		52C6C8B81C09550800476490 /* ModelVersionType.swift */ = {isa = PBXFileReference; fileEncoding = 4; lastKnownFileType = sourcecode.swift; name = ModelVersionType.swift; path = ../../../Model/KeystoneModel/ModelVersionType.swift; sourceTree = "<group>"; };
		52C6C8B91C09550800476490 /* ManagedObjectObserver.swift */ = {isa = PBXFileReference; fileEncoding = 4; lastKnownFileType = sourcecode.swift; name = ManagedObjectObserver.swift; path = ../../../Model/KeystoneModel/ManagedObjectObserver.swift; sourceTree = "<group>"; };
		52C6C8BA1C09550800476490 /* NSManagedObjectContext+Extensions.swift */ = {isa = PBXFileReference; fileEncoding = 4; lastKnownFileType = sourcecode.swift; name = "NSManagedObjectContext+Extensions.swift"; path = "../../../Model/KeystoneModel/NSManagedObjectContext+Extensions.swift"; sourceTree = "<group>"; };
		52C6C8BB1C09550800476490 /* CoreDataErrors.swift */ = {isa = PBXFileReference; fileEncoding = 4; lastKnownFileType = sourcecode.swift; name = CoreDataErrors.swift; path = ../../../Model/KeystoneModel/CoreDataErrors.swift; sourceTree = "<group>"; };
		52C6C8BC1C09550800476490 /* Migration.swift */ = {isa = PBXFileReference; fileEncoding = 4; lastKnownFileType = sourcecode.swift; name = Migration.swift; path = ../../../Model/KeystoneModel/Migration.swift; sourceTree = "<group>"; };
		52C6C8BD1C09550800476490 /* NSPersistentStoreCoordinator+Extensions.swift */ = {isa = PBXFileReference; fileEncoding = 4; lastKnownFileType = sourcecode.swift; name = "NSPersistentStoreCoordinator+Extensions.swift"; path = "../../../Model/KeystoneModel/NSPersistentStoreCoordinator+Extensions.swift"; sourceTree = "<group>"; };
		52C6C8BE1C09550800476490 /* NSManagedObject+Extensions.swift */ = {isa = PBXFileReference; fileEncoding = 4; lastKnownFileType = sourcecode.swift; name = "NSManagedObject+Extensions.swift"; path = "../../../Model/KeystoneModel/NSManagedObject+Extensions.swift"; sourceTree = "<group>"; };
		52C6C8BF1C09550800476490 /* ManagedObject.swift */ = {isa = PBXFileReference; fileEncoding = 4; lastKnownFileType = sourcecode.swift; name = ManagedObject.swift; path = ../../../Model/KeystoneModel/ManagedObject.swift; sourceTree = "<group>"; };
		52C6C8CE1C09552B00476490 /* KeystoneStack-OSX.swift */ = {isa = PBXFileReference; fileEncoding = 4; lastKnownFileType = sourcecode.swift; name = "KeystoneStack-OSX.swift"; path = "../../../Model/KeystoneModel/KeystoneStack-OSX.swift"; sourceTree = "<group>"; };
		52C6C8CF1C09552B00476490 /* KeystoneModelVersion.swift */ = {isa = PBXFileReference; fileEncoding = 4; lastKnownFileType = sourcecode.swift; name = KeystoneModelVersion.swift; path = ../../../Model/KeystoneModel/KeystoneModelVersion.swift; sourceTree = "<group>"; };
		52C6C8D01C09552B00476490 /* KeystoneMergePolicy.swift */ = {isa = PBXFileReference; fileEncoding = 4; lastKnownFileType = sourcecode.swift; name = KeystoneMergePolicy.swift; path = ../../../Model/KeystoneModel/KeystoneMergePolicy.swift; sourceTree = "<group>"; };
		52C6C8D11C09552B00476490 /* UpdateTimestampable.swift */ = {isa = PBXFileReference; fileEncoding = 4; lastKnownFileType = sourcecode.swift; name = UpdateTimestampable.swift; path = ../../../Model/KeystoneModel/UpdateTimestampable.swift; sourceTree = "<group>"; };
		52C6C8D61C09553F00476490 /* Student.swift */ = {isa = PBXFileReference; fileEncoding = 4; lastKnownFileType = sourcecode.swift; name = Student.swift; path = ../../../Model/KeystoneModel/Student.swift; sourceTree = "<group>"; };
		52C6C8D71C09553F00476490 /* Assignment.swift */ = {isa = PBXFileReference; fileEncoding = 4; lastKnownFileType = sourcecode.swift; name = Assignment.swift; path = ../../../Model/KeystoneModel/Assignment.swift; sourceTree = "<group>"; };
		52C6C8D81C09553F00476490 /* AssignmentProblem.swift */ = {isa = PBXFileReference; fileEncoding = 4; lastKnownFileType = sourcecode.swift; name = AssignmentProblem.swift; path = ../../../Model/KeystoneModel/AssignmentProblem.swift; sourceTree = "<group>"; };
		52C6C8D91C09553F00476490 /* ProblemSet.swift */ = {isa = PBXFileReference; fileEncoding = 4; lastKnownFileType = sourcecode.swift; name = ProblemSet.swift; path = ../../../Model/KeystoneModel/ProblemSet.swift; sourceTree = "<group>"; };
		52C6C8DA1C09553F00476490 /* ProblemSetTemplate.swift */ = {isa = PBXFileReference; fileEncoding = 4; lastKnownFileType = sourcecode.swift; name = ProblemSetTemplate.swift; path = ../../../Model/KeystoneModel/ProblemSetTemplate.swift; sourceTree = "<group>"; };
		52C6C8DB1C09553F00476490 /* ProblemItem.swift */ = {isa = PBXFileReference; fileEncoding = 4; lastKnownFileType = sourcecode.swift; name = ProblemItem.swift; path = ../../../Model/KeystoneModel/ProblemItem.swift; sourceTree = "<group>"; };
		52C6C8DC1C09553F00476490 /* Constituent.swift */ = {isa = PBXFileReference; fileEncoding = 4; lastKnownFileType = sourcecode.swift; name = Constituent.swift; path = ../../../Model/KeystoneModel/Constituent.swift; sourceTree = "<group>"; };
		52C6C8DD1C09553F00476490 /* ConstituentStyle.swift */ = {isa = PBXFileReference; fileEncoding = 4; lastKnownFileType = sourcecode.swift; name = ConstituentStyle.swift; path = ../../../Model/KeystoneModel/ConstituentStyle.swift; sourceTree = "<group>"; };
		52C6C8DE1C09553F00476490 /* Tag.swift */ = {isa = PBXFileReference; fileEncoding = 4; lastKnownFileType = sourcecode.swift; name = Tag.swift; path = ../../../Model/KeystoneModel/Tag.swift; sourceTree = "<group>"; };
		52C6C8DF1C09553F00476490 /* List.swift */ = {isa = PBXFileReference; fileEncoding = 4; lastKnownFileType = sourcecode.swift; name = List.swift; path = ../../../Model/KeystoneModel/List.swift; sourceTree = "<group>"; };
		52C6C8ED1C09557900476490 /* Keystone_v1.xcdatamodel */ = {isa = PBXFileReference; lastKnownFileType = wrapper.xcdatamodel; path = Keystone_v1.xcdatamodel; sourceTree = "<group>"; };
/* End PBXFileReference section */

/* Begin PBXFrameworksBuildPhase section */
		52092AFE1BF259E500B2A1EE /* Frameworks */ = {
			isa = PBXFrameworksBuildPhase;
			buildActionMask = 2147483647;
			files = (
				521F9DD81C01737100129859 /* SourceListKit.framework in Frameworks */,
				52C6C89C1C09546B00476490 /* Keystone_Model_OSX.framework in Frameworks */,
				521F9E6B1C03768C00129859 /* UtilityKit_OSX.framework in Frameworks */,
			);
			runOnlyForDeploymentPostprocessing = 0;
		};
		521F9DCD1C01737100129859 /* Frameworks */ = {
			isa = PBXFrameworksBuildPhase;
			buildActionMask = 2147483647;
			files = (
				521F9E8F1C0385CC00129859 /* UtilityKit_OSX.framework in Frameworks */,
			);
			runOnlyForDeploymentPostprocessing = 0;
		};
		521F9E521C03768C00129859 /* Frameworks */ = {
			isa = PBXFrameworksBuildPhase;
			buildActionMask = 2147483647;
			files = (
			);
			runOnlyForDeploymentPostprocessing = 0;
		};
		521F9E5C1C03768C00129859 /* Frameworks */ = {
			isa = PBXFrameworksBuildPhase;
			buildActionMask = 2147483647;
			files = (
				521F9E601C03768C00129859 /* UtilityKit_OSX.framework in Frameworks */,
			);
			runOnlyForDeploymentPostprocessing = 0;
		};
		52C6C8911C09546B00476490 /* Frameworks */ = {
			isa = PBXFrameworksBuildPhase;
			buildActionMask = 2147483647;
			files = (
				52D9E5941C0A2BFC00F0086B /* UtilityKit_OSX.framework in Frameworks */,
			);
			runOnlyForDeploymentPostprocessing = 0;
		};
/* End PBXFrameworksBuildPhase section */

/* Begin PBXGroup section */
		52092AF81BF259E500B2A1EE = {
			isa = PBXGroup;
			children = (
				52092B031BF259E500B2A1EE /* Keystone-OSX */,
				521F9DD21C01737100129859 /* SourceListKit */,
				521F9E571C03768C00129859 /* UtilityKit_OSX */,
				521F9E651C03768C00129859 /* UtilityKit_OSXTests */,
				52C6C8961C09546B00476490 /* Keystone-Model-OSX */,
				52092B021BF259E500B2A1EE /* Products */,
			);
			sourceTree = "<group>";
		};
		52092B021BF259E500B2A1EE /* Products */ = {
			isa = PBXGroup;
			children = (
				52092B011BF259E500B2A1EE /* Keystone-OSX.app */,
				521F9DD11C01737100129859 /* SourceListKit.framework */,
				521F9E561C03768C00129859 /* UtilityKit_OSX.framework */,
				521F9E5F1C03768C00129859 /* UtilityKit_OSXTests.xctest */,
				52C6C8951C09546B00476490 /* Keystone_Model_OSX.framework */,
			);
			name = Products;
			sourceTree = "<group>";
		};
		52092B031BF259E500B2A1EE /* Keystone-OSX */ = {
			isa = PBXGroup;
			children = (
				521F9E901C03887200129859 /* Model+SourceListKit */,
				52092B861BF277C700B2A1EE /* Keystone-OSX.entitlements */,
				52092B041BF259E500B2A1EE /* AppDelegate.swift */,
				521F9E451C0366ED00129859 /* WindowController.swift */,
				521F9E461C0366ED00129859 /* MainSplitViewController.swift */,
				521F9E471C0366ED00129859 /* SourceListTabViewController.swift */,
				521F9E481C0366ED00129859 /* ContentTabViewController.swift */,
				521F9E491C0366ED00129859 /* SourceListViewController.swift */,
				521F9E4F1C03671000129859 /* Main.storyboard */,
				52092B081BF259E500B2A1EE /* Assets.xcassets */,
				52092B0D1BF259E500B2A1EE /* Info.plist */,
			);
			path = "Keystone-OSX";
			sourceTree = "<group>";
		};
		521F9DD21C01737100129859 /* SourceListKit */ = {
			isa = PBXGroup;
			children = (
				521F9DDD1C0173A900129859 /* SourceListConfigurationProvider.swift */,
				521F9DDE1C0173A900129859 /* SourceListItemsProvider.swift */,
				521F9DDF1C0173A900129859 /* SourceListItem.swift */,
				521F9DE01C0173A900129859 /* TableCellView.swift */,
				521F9DE11C0173A900129859 /* SourceListHeaderCellView.swift */,
				521F9DE21C0173A900129859 /* SourceListDetailCellView.swift */,
				521F9DE31C0173A900129859 /* TableRowView.swift */,
				521F9DEB1C01742200129859 /* Constants.swift */,
				521F9DD31C01737100129859 /* SourceListKit.h */,
				521F9DD51C01737100129859 /* Info.plist */,
			);
			path = SourceListKit;
			sourceTree = "<group>";
		};
		521F9E571C03768C00129859 /* UtilityKit_OSX */ = {
			isa = PBXGroup;
			children = (
				521F9E731C0377B000129859 /* AppKitExtensions.swift */,
				521F9E741C0377B000129859 /* Collection+Extensions.swift */,
				521F9E751C0377B000129859 /* Delay.swift */,
				521F9E761C0377B000129859 /* first-names.txt */,
				521F9E771C0377B000129859 /* last-names.txt */,
				521F9E781C0377B000129859 /* Person.swift */,
				521F9E991C03C1A000129859 /* Foundation+Extensions.swift */,
				521F9E581C03768C00129859 /* UtilityKit_OSX.h */,
				521F9E5A1C03768C00129859 /* Info.plist */,
			);
			path = UtilityKit_OSX;
			sourceTree = "<group>";
		};
		521F9E651C03768C00129859 /* UtilityKit_OSXTests */ = {
			isa = PBXGroup;
			children = (
				521F9E661C03768C00129859 /* UtilityKit_OSXTests.swift */,
				521F9E681C03768C00129859 /* Info.plist */,
			);
			path = UtilityKit_OSXTests;
			sourceTree = "<group>";
		};
		521F9E901C03887200129859 /* Model+SourceListKit */ = {
			isa = PBXGroup;
			children = (
				521F9E911C03889800129859 /* Student+SourceListKit.swift */,
				521F9E931C039E9700129859 /* StudentContentViewController.swift */,
			);
			name = "Model+SourceListKit";
			sourceTree = "<group>";
		};
		52C6C8961C09546B00476490 /* Keystone-Model-OSX */ = {
			isa = PBXGroup;
			children = (
				52C6C8AF1C0954BE00476490 /* Model */,
				52C6C8B01C0954C700476490 /* Core Data */,
				52C6C8B11C0954D600476490 /* Helpers */,
				52C6C8971C09546B00476490 /* Keystone-Model-OSX.h */,
				52C6C8991C09546B00476490 /* Info.plist */,
			);
			path = "Keystone-Model-OSX";
			sourceTree = "<group>";
		};
		52C6C8AF1C0954BE00476490 /* Model */ = {
			isa = PBXGroup;
			children = (
				52C6C8D61C09553F00476490 /* Student.swift */,
				52C6C8D71C09553F00476490 /* Assignment.swift */,
				52C6C8D81C09553F00476490 /* AssignmentProblem.swift */,
				52C6C8D91C09553F00476490 /* ProblemSet.swift */,
				52C6C8DA1C09553F00476490 /* ProblemSetTemplate.swift */,
				52C6C8DB1C09553F00476490 /* ProblemItem.swift */,
				52C6C8DC1C09553F00476490 /* Constituent.swift */,
				52C6C8DD1C09553F00476490 /* ConstituentStyle.swift */,
				52C6C8DE1C09553F00476490 /* Tag.swift */,
				52C6C8DF1C09553F00476490 /* List.swift */,
				52C6C8EC1C09557900476490 /* Keystone_v1.xcdatamodeld */,
			);
			name = Model;
			sourceTree = "<group>";
		};
		52C6C8B01C0954C700476490 /* Core Data */ = {
			isa = PBXGroup;
			children = (
				52C6C8CE1C09552B00476490 /* KeystoneStack-OSX.swift */,
				52C6C8CF1C09552B00476490 /* KeystoneModelVersion.swift */,
				52C6C8D01C09552B00476490 /* KeystoneMergePolicy.swift */,
				52C6C8D11C09552B00476490 /* UpdateTimestampable.swift */,
			);
			name = "Core Data";
			sourceTree = "<group>";
		};
		52C6C8B11C0954D600476490 /* Helpers */ = {
			isa = PBXGroup;
			children = (
				52C6C8B21C09550800476490 /* NSFetchRequest+Extensions.swift */,
				52C6C8B31C09550800476490 /* ValueTransformer.swift */,
				52C6C8B41C09550800476490 /* NSManagedObjectContext+Observers.swift */,
				52C6C8B51C09550800476490 /* ModelBuilder.swift */,
				52C6C8B61C09550800476490 /* Collection+CoreDataExtensions.swift */,
				52C6C8B71C09550800476490 /* Utilities.swift */,
				52C6C8B81C09550800476490 /* ModelVersionType.swift */,
				52C6C8B91C09550800476490 /* ManagedObjectObserver.swift */,
				52C6C8BA1C09550800476490 /* NSManagedObjectContext+Extensions.swift */,
				52C6C8BB1C09550800476490 /* CoreDataErrors.swift */,
				52C6C8BC1C09550800476490 /* Migration.swift */,
				52C6C8BD1C09550800476490 /* NSPersistentStoreCoordinator+Extensions.swift */,
				52C6C8BE1C09550800476490 /* NSManagedObject+Extensions.swift */,
				52C6C8BF1C09550800476490 /* ManagedObject.swift */,
			);
			name = Helpers;
			sourceTree = "<group>";
		};
/* End PBXGroup section */

/* Begin PBXHeadersBuildPhase section */
		521F9DCE1C01737100129859 /* Headers */ = {
			isa = PBXHeadersBuildPhase;
			buildActionMask = 2147483647;
			files = (
				521F9DD41C01737100129859 /* SourceListKit.h in Headers */,
			);
			runOnlyForDeploymentPostprocessing = 0;
		};
		521F9E531C03768C00129859 /* Headers */ = {
			isa = PBXHeadersBuildPhase;
			buildActionMask = 2147483647;
			files = (
				521F9E591C03768C00129859 /* UtilityKit_OSX.h in Headers */,
			);
			runOnlyForDeploymentPostprocessing = 0;
		};
		52C6C8921C09546B00476490 /* Headers */ = {
			isa = PBXHeadersBuildPhase;
			buildActionMask = 2147483647;
			files = (
				52C6C8981C09546B00476490 /* Keystone-Model-OSX.h in Headers */,
			);
			runOnlyForDeploymentPostprocessing = 0;
		};
/* End PBXHeadersBuildPhase section */

/* Begin PBXNativeTarget section */
		52092B001BF259E500B2A1EE /* Keystone-OSX */ = {
			isa = PBXNativeTarget;
			buildConfigurationList = 52092B101BF259E500B2A1EE /* Build configuration list for PBXNativeTarget "Keystone-OSX" */;
			buildPhases = (
				52092AFD1BF259E500B2A1EE /* Sources */,
				52092AFE1BF259E500B2A1EE /* Frameworks */,
				52092AFF1BF259E500B2A1EE /* Resources */,
				52092B241BF25A0100B2A1EE /* Embed Frameworks */,
			);
			buildRules = (
			);
			dependencies = (
				521F9DD71C01737100129859 /* PBXTargetDependency */,
				521F9E6A1C03768C00129859 /* PBXTargetDependency */,
				52C6C89B1C09546B00476490 /* PBXTargetDependency */,
			);
			name = "Keystone-OSX";
			productName = "Keystone-OSX";
			productReference = 52092B011BF259E500B2A1EE /* Keystone-OSX.app */;
			productType = "com.apple.product-type.application";
		};
		521F9DD01C01737100129859 /* SourceListKit */ = {
			isa = PBXNativeTarget;
			buildConfigurationList = 521F9DDC1C01737100129859 /* Build configuration list for PBXNativeTarget "SourceListKit" */;
			buildPhases = (
				521F9DCC1C01737100129859 /* Sources */,
				521F9DCD1C01737100129859 /* Frameworks */,
				521F9DCE1C01737100129859 /* Headers */,
				521F9DCF1C01737100129859 /* Resources */,
			);
			buildRules = (
			);
			dependencies = (
			);
			name = SourceListKit;
			productName = SourceListKit;
			productReference = 521F9DD11C01737100129859 /* SourceListKit.framework */;
			productType = "com.apple.product-type.framework";
		};
		521F9E551C03768C00129859 /* UtilityKit_OSX */ = {
			isa = PBXNativeTarget;
			buildConfigurationList = 521F9E6D1C03768C00129859 /* Build configuration list for PBXNativeTarget "UtilityKit_OSX" */;
			buildPhases = (
				521F9E511C03768C00129859 /* Sources */,
				521F9E521C03768C00129859 /* Frameworks */,
				521F9E531C03768C00129859 /* Headers */,
				521F9E541C03768C00129859 /* Resources */,
			);
			buildRules = (
			);
			dependencies = (
			);
			name = UtilityKit_OSX;
			productName = UtilityKit_OSX;
			productReference = 521F9E561C03768C00129859 /* UtilityKit_OSX.framework */;
			productType = "com.apple.product-type.framework";
		};
		521F9E5E1C03768C00129859 /* UtilityKit_OSXTests */ = {
			isa = PBXNativeTarget;
			buildConfigurationList = 521F9E701C03768C00129859 /* Build configuration list for PBXNativeTarget "UtilityKit_OSXTests" */;
			buildPhases = (
				521F9E5B1C03768C00129859 /* Sources */,
				521F9E5C1C03768C00129859 /* Frameworks */,
				521F9E5D1C03768C00129859 /* Resources */,
			);
			buildRules = (
			);
			dependencies = (
				521F9E621C03768C00129859 /* PBXTargetDependency */,
				521F9E641C03768C00129859 /* PBXTargetDependency */,
			);
			name = UtilityKit_OSXTests;
			productName = UtilityKit_OSXTests;
			productReference = 521F9E5F1C03768C00129859 /* UtilityKit_OSXTests.xctest */;
			productType = "com.apple.product-type.bundle.unit-test";
		};
		52C6C8941C09546B00476490 /* Keystone_Model_OSX */ = {
			isa = PBXNativeTarget;
			buildConfigurationList = 52C6C89E1C09546B00476490 /* Build configuration list for PBXNativeTarget "Keystone_Model_OSX" */;
			buildPhases = (
				52C6C8901C09546B00476490 /* Sources */,
				52C6C8911C09546B00476490 /* Frameworks */,
				52C6C8921C09546B00476490 /* Headers */,
				52C6C8931C09546B00476490 /* Resources */,
			);
			buildRules = (
			);
			dependencies = (
			);
			name = Keystone_Model_OSX;
			productName = "Keystone-Model-OSX";
			productReference = 52C6C8951C09546B00476490 /* Keystone_Model_OSX.framework */;
			productType = "com.apple.product-type.framework";
		};
/* End PBXNativeTarget section */

/* Begin PBXProject section */
		52092AF91BF259E500B2A1EE /* Project object */ = {
			isa = PBXProject;
			attributes = {
				LastSwiftUpdateCheck = 0700;
				LastUpgradeCheck = 0700;
				ORGANIZATIONNAME = "Todd Olsen";
				TargetAttributes = {
					52092B001BF259E500B2A1EE = {
						CreatedOnToolsVersion = 7.0;
						DevelopmentTeam = 55SVD8WGE3;
						SystemCapabilities = {
							com.apple.InAppPurchase = {
								enabled = 0;
							};
							com.apple.Sandbox = {
								enabled = 1;
							};
							com.apple.iCloud = {
								enabled = 0;
							};
						};
					};
					521F9DD01C01737100129859 = {
						CreatedOnToolsVersion = 7.0;
						DevelopmentTeam = 55SVD8WGE3;
					};
					521F9E551C03768C00129859 = {
						CreatedOnToolsVersion = 7.0;
						DevelopmentTeam = 55SVD8WGE3;
					};
					521F9E5E1C03768C00129859 = {
						CreatedOnToolsVersion = 7.0;
						TestTargetID = 52092B001BF259E500B2A1EE;
					};
					52C6C8941C09546B00476490 = {
						CreatedOnToolsVersion = 7.0;
						DevelopmentTeam = 55SVD8WGE3;
					};
				};
			};
			buildConfigurationList = 52092AFC1BF259E500B2A1EE /* Build configuration list for PBXProject "Keystone-OSX" */;
			compatibilityVersion = "Xcode 3.2";
			developmentRegion = English;
			hasScannedForEncodings = 0;
			knownRegions = (
				en,
				Base,
			);
			mainGroup = 52092AF81BF259E500B2A1EE;
			productRefGroup = 52092B021BF259E500B2A1EE /* Products */;
			projectDirPath = "";
			projectRoot = "";
			targets = (
				52092B001BF259E500B2A1EE /* Keystone-OSX */,
				521F9DD01C01737100129859 /* SourceListKit */,
				521F9E551C03768C00129859 /* UtilityKit_OSX */,
				521F9E5E1C03768C00129859 /* UtilityKit_OSXTests */,
				52C6C8941C09546B00476490 /* Keystone_Model_OSX */,
			);
		};
/* End PBXProject section */

/* Begin PBXResourcesBuildPhase section */
		52092AFF1BF259E500B2A1EE /* Resources */ = {
			isa = PBXResourcesBuildPhase;
			buildActionMask = 2147483647;
			files = (
				52092B091BF259E500B2A1EE /* Assets.xcassets in Resources */,
				521F9E501C03671000129859 /* Main.storyboard in Resources */,
			);
			runOnlyForDeploymentPostprocessing = 0;
		};
		521F9DCF1C01737100129859 /* Resources */ = {
			isa = PBXResourcesBuildPhase;
			buildActionMask = 2147483647;
			files = (
			);
			runOnlyForDeploymentPostprocessing = 0;
		};
		521F9E541C03768C00129859 /* Resources */ = {
			isa = PBXResourcesBuildPhase;
			buildActionMask = 2147483647;
			files = (
				521F9E7C1C0377B000129859 /* first-names.txt in Resources */,
				521F9E7D1C0377B000129859 /* last-names.txt in Resources */,
			);
			runOnlyForDeploymentPostprocessing = 0;
		};
		521F9E5D1C03768C00129859 /* Resources */ = {
			isa = PBXResourcesBuildPhase;
			buildActionMask = 2147483647;
			files = (
			);
			runOnlyForDeploymentPostprocessing = 0;
		};
		52C6C8931C09546B00476490 /* Resources */ = {
			isa = PBXResourcesBuildPhase;
			buildActionMask = 2147483647;
			files = (
			);
			runOnlyForDeploymentPostprocessing = 0;
		};
/* End PBXResourcesBuildPhase section */

/* Begin PBXSourcesBuildPhase section */
		52092AFD1BF259E500B2A1EE /* Sources */ = {
			isa = PBXSourcesBuildPhase;
			buildActionMask = 2147483647;
			files = (
				521F9E4D1C0366ED00129859 /* ContentTabViewController.swift in Sources */,
				521F9E4C1C0366ED00129859 /* SourceListTabViewController.swift in Sources */,
				521F9E4B1C0366ED00129859 /* MainSplitViewController.swift in Sources */,
				521F9E4A1C0366ED00129859 /* WindowController.swift in Sources */,
				521F9E4E1C0366ED00129859 /* SourceListViewController.swift in Sources */,
				521F9E921C03889800129859 /* Student+SourceListKit.swift in Sources */,
				521F9E941C039E9700129859 /* StudentContentViewController.swift in Sources */,
				52092B051BF259E500B2A1EE /* AppDelegate.swift in Sources */,
			);
			runOnlyForDeploymentPostprocessing = 0;
		};
		521F9DCC1C01737100129859 /* Sources */ = {
			isa = PBXSourcesBuildPhase;
			buildActionMask = 2147483647;
			files = (
				521F9DE91C0173A900129859 /* SourceListDetailCellView.swift in Sources */,
				521F9DE51C0173A900129859 /* SourceListItemsProvider.swift in Sources */,
				521F9DE71C0173A900129859 /* TableCellView.swift in Sources */,
				521F9DE61C0173A900129859 /* SourceListItem.swift in Sources */,
				521F9DE81C0173A900129859 /* SourceListHeaderCellView.swift in Sources */,
				521F9DE41C0173A900129859 /* SourceListConfigurationProvider.swift in Sources */,
				521F9DEA1C0173A900129859 /* TableRowView.swift in Sources */,
				521F9DEC1C01742200129859 /* Constants.swift in Sources */,
			);
			runOnlyForDeploymentPostprocessing = 0;
		};
		521F9E511C03768C00129859 /* Sources */ = {
			isa = PBXSourcesBuildPhase;
			buildActionMask = 2147483647;
			files = (
				521F9E7B1C0377B000129859 /* Delay.swift in Sources */,
				521F9E791C0377B000129859 /* AppKitExtensions.swift in Sources */,
				521F9E7E1C0377B000129859 /* Person.swift in Sources */,
				521F9E9A1C03C1A000129859 /* Foundation+Extensions.swift in Sources */,
				521F9E7A1C0377B000129859 /* Collection+Extensions.swift in Sources */,
			);
			runOnlyForDeploymentPostprocessing = 0;
		};
		521F9E5B1C03768C00129859 /* Sources */ = {
			isa = PBXSourcesBuildPhase;
			buildActionMask = 2147483647;
			files = (
				521F9E671C03768C00129859 /* UtilityKit_OSXTests.swift in Sources */,
			);
			runOnlyForDeploymentPostprocessing = 0;
		};
		52C6C8901C09546B00476490 /* Sources */ = {
			isa = PBXSourcesBuildPhase;
			buildActionMask = 2147483647;
			files = (
				52C6C8D41C09552B00476490 /* KeystoneMergePolicy.swift in Sources */,
				52C6C8CD1C09550800476490 /* ManagedObject.swift in Sources */,
				52C6C8C61C09550800476490 /* ModelVersionType.swift in Sources */,
				52C6C8C91C09550800476490 /* CoreDataErrors.swift in Sources */,
				52C6C8E61C09553F00476490 /* ProblemItem.swift in Sources */,
				52C6C8D21C09552B00476490 /* KeystoneStack-OSX.swift in Sources */,
				52C6C8C51C09550800476490 /* Utilities.swift in Sources */,
				52C6C8CC1C09550800476490 /* NSManagedObject+Extensions.swift in Sources */,
				52C6C8E51C09553F00476490 /* ProblemSetTemplate.swift in Sources */,
				52C6C8EA1C09553F00476490 /* List.swift in Sources */,
				52C6C8C81C09550800476490 /* NSManagedObjectContext+Extensions.swift in Sources */,
				52C6C8E41C09553F00476490 /* ProblemSet.swift in Sources */,
				52C6C8E21C09553F00476490 /* Assignment.swift in Sources */,
				52C6C8C71C09550800476490 /* ManagedObjectObserver.swift in Sources */,
				52C6C8D51C09552B00476490 /* UpdateTimestampable.swift in Sources */,
				52C6C8E81C09553F00476490 /* ConstituentStyle.swift in Sources */,
				52C6C8C01C09550800476490 /* NSFetchRequest+Extensions.swift in Sources */,
				52C6C8CB1C09550800476490 /* NSPersistentStoreCoordinator+Extensions.swift in Sources */,
				52C6C8C31C09550800476490 /* ModelBuilder.swift in Sources */,
				52C6C8C41C09550800476490 /* Collection+CoreDataExtensions.swift in Sources */,
				52C6C8C21C09550800476490 /* NSManagedObjectContext+Observers.swift in Sources */,
				52C6C8CA1C09550800476490 /* Migration.swift in Sources */,
				52C6C8D31C09552B00476490 /* KeystoneModelVersion.swift in Sources */,
				52C6C8E11C09553F00476490 /* Student.swift in Sources */,
				52C6C8E71C09553F00476490 /* Constituent.swift in Sources */,
				52C6C8E91C09553F00476490 /* Tag.swift in Sources */,
				52C6C8C11C09550800476490 /* ValueTransformer.swift in Sources */,
				52C6C8EE1C09557900476490 /* Keystone_v1.xcdatamodeld in Sources */,
				52C6C8E31C09553F00476490 /* AssignmentProblem.swift in Sources */,
			);
			runOnlyForDeploymentPostprocessing = 0;
		};
/* End PBXSourcesBuildPhase section */

/* Begin PBXTargetDependency section */
		521F9DD71C01737100129859 /* PBXTargetDependency */ = {
			isa = PBXTargetDependency;
			target = 521F9DD01C01737100129859 /* SourceListKit */;
			targetProxy = 521F9DD61C01737100129859 /* PBXContainerItemProxy */;
		};
		521F9E621C03768C00129859 /* PBXTargetDependency */ = {
			isa = PBXTargetDependency;
			target = 521F9E551C03768C00129859 /* UtilityKit_OSX */;
			targetProxy = 521F9E611C03768C00129859 /* PBXContainerItemProxy */;
		};
		521F9E641C03768C00129859 /* PBXTargetDependency */ = {
			isa = PBXTargetDependency;
			target = 52092B001BF259E500B2A1EE /* Keystone-OSX */;
			targetProxy = 521F9E631C03768C00129859 /* PBXContainerItemProxy */;
		};
		521F9E6A1C03768C00129859 /* PBXTargetDependency */ = {
			isa = PBXTargetDependency;
			target = 521F9E551C03768C00129859 /* UtilityKit_OSX */;
			targetProxy = 521F9E691C03768C00129859 /* PBXContainerItemProxy */;
		};
		52C6C89B1C09546B00476490 /* PBXTargetDependency */ = {
			isa = PBXTargetDependency;
			target = 52C6C8941C09546B00476490 /* Keystone_Model_OSX */;
			targetProxy = 52C6C89A1C09546B00476490 /* PBXContainerItemProxy */;
		};
/* End PBXTargetDependency section */

/* Begin XCBuildConfiguration section */
		52092B0E1BF259E500B2A1EE /* Debug */ = {
			isa = XCBuildConfiguration;
			buildSettings = {
				ALWAYS_SEARCH_USER_PATHS = NO;
				CLANG_CXX_LANGUAGE_STANDARD = "gnu++0x";
				CLANG_CXX_LIBRARY = "libc++";
				CLANG_ENABLE_MODULES = YES;
				CLANG_ENABLE_OBJC_ARC = YES;
				CLANG_WARN_BOOL_CONVERSION = YES;
				CLANG_WARN_CONSTANT_CONVERSION = YES;
				CLANG_WARN_DIRECT_OBJC_ISA_USAGE = YES_ERROR;
				CLANG_WARN_EMPTY_BODY = YES;
				CLANG_WARN_ENUM_CONVERSION = YES;
				CLANG_WARN_INT_CONVERSION = YES;
				CLANG_WARN_OBJC_ROOT_CLASS = YES_ERROR;
				CLANG_WARN_UNREACHABLE_CODE = YES;
				CLANG_WARN__DUPLICATE_METHOD_MATCH = YES;
				CODE_SIGN_IDENTITY = "-";
				COPY_PHASE_STRIP = NO;
				DEBUG_INFORMATION_FORMAT = dwarf;
				ENABLE_STRICT_OBJC_MSGSEND = YES;
				ENABLE_TESTABILITY = YES;
				GCC_C_LANGUAGE_STANDARD = gnu99;
				GCC_DYNAMIC_NO_PIC = NO;
				GCC_NO_COMMON_BLOCKS = YES;
				GCC_OPTIMIZATION_LEVEL = 0;
				GCC_PREPROCESSOR_DEFINITIONS = (
					"DEBUG=1",
					"$(inherited)",
				);
				GCC_WARN_64_TO_32_BIT_CONVERSION = YES;
				GCC_WARN_ABOUT_RETURN_TYPE = YES_ERROR;
				GCC_WARN_UNDECLARED_SELECTOR = YES;
				GCC_WARN_UNINITIALIZED_AUTOS = YES_AGGRESSIVE;
				GCC_WARN_UNUSED_FUNCTION = YES;
				GCC_WARN_UNUSED_VARIABLE = YES;
				MACOSX_DEPLOYMENT_TARGET = 10.11;
				MTL_ENABLE_DEBUG_INFO = YES;
				ONLY_ACTIVE_ARCH = YES;
				SDKROOT = macosx;
				SWIFT_OPTIMIZATION_LEVEL = "-Onone";
			};
			name = Debug;
		};
		52092B0F1BF259E500B2A1EE /* Release */ = {
			isa = XCBuildConfiguration;
			buildSettings = {
				ALWAYS_SEARCH_USER_PATHS = NO;
				CLANG_CXX_LANGUAGE_STANDARD = "gnu++0x";
				CLANG_CXX_LIBRARY = "libc++";
				CLANG_ENABLE_MODULES = YES;
				CLANG_ENABLE_OBJC_ARC = YES;
				CLANG_WARN_BOOL_CONVERSION = YES;
				CLANG_WARN_CONSTANT_CONVERSION = YES;
				CLANG_WARN_DIRECT_OBJC_ISA_USAGE = YES_ERROR;
				CLANG_WARN_EMPTY_BODY = YES;
				CLANG_WARN_ENUM_CONVERSION = YES;
				CLANG_WARN_INT_CONVERSION = YES;
				CLANG_WARN_OBJC_ROOT_CLASS = YES_ERROR;
				CLANG_WARN_UNREACHABLE_CODE = YES;
				CLANG_WARN__DUPLICATE_METHOD_MATCH = YES;
				CODE_SIGN_IDENTITY = "-";
				COPY_PHASE_STRIP = NO;
				DEBUG_INFORMATION_FORMAT = "dwarf-with-dsym";
				ENABLE_NS_ASSERTIONS = NO;
				ENABLE_STRICT_OBJC_MSGSEND = YES;
				GCC_C_LANGUAGE_STANDARD = gnu99;
				GCC_NO_COMMON_BLOCKS = YES;
				GCC_WARN_64_TO_32_BIT_CONVERSION = YES;
				GCC_WARN_ABOUT_RETURN_TYPE = YES_ERROR;
				GCC_WARN_UNDECLARED_SELECTOR = YES;
				GCC_WARN_UNINITIALIZED_AUTOS = YES_AGGRESSIVE;
				GCC_WARN_UNUSED_FUNCTION = YES;
				GCC_WARN_UNUSED_VARIABLE = YES;
				MACOSX_DEPLOYMENT_TARGET = 10.11;
				MTL_ENABLE_DEBUG_INFO = NO;
				SDKROOT = macosx;
			};
			name = Release;
		};
		52092B111BF259E500B2A1EE /* Debug */ = {
			isa = XCBuildConfiguration;
			buildSettings = {
				ASSETCATALOG_COMPILER_APPICON_NAME = AppIcon;
				CODE_SIGN_ENTITLEMENTS = "Keystone-OSX/Keystone-OSX.entitlements";
				CODE_SIGN_IDENTITY = "Mac Developer";
				"CODE_SIGN_IDENTITY[sdk=macosx*]" = "Mac Developer";
				COMBINE_HIDPI_IMAGES = YES;
				EMBEDDED_CONTENT_CONTAINS_SWIFT = YES;
				INFOPLIST_FILE = "Keystone-OSX/Info.plist";
				LD_RUNPATH_SEARCH_PATHS = "$(inherited) @executable_path/../Frameworks";
				PRODUCT_BUNDLE_IDENTIFIER = "com.Todd-Olsen.Keystone-OSX";
				PRODUCT_NAME = "$(TARGET_NAME)";
				PROVISIONING_PROFILE = "";
			};
			name = Debug;
		};
		52092B121BF259E500B2A1EE /* Release */ = {
			isa = XCBuildConfiguration;
			buildSettings = {
				ASSETCATALOG_COMPILER_APPICON_NAME = AppIcon;
				CODE_SIGN_ENTITLEMENTS = "Keystone-OSX/Keystone-OSX.entitlements";
				CODE_SIGN_IDENTITY = "Mac Developer";
				"CODE_SIGN_IDENTITY[sdk=macosx*]" = "Mac Developer";
				COMBINE_HIDPI_IMAGES = YES;
				EMBEDDED_CONTENT_CONTAINS_SWIFT = YES;
				INFOPLIST_FILE = "Keystone-OSX/Info.plist";
				LD_RUNPATH_SEARCH_PATHS = "$(inherited) @executable_path/../Frameworks";
				PRODUCT_BUNDLE_IDENTIFIER = "com.Todd-Olsen.Keystone-OSX";
				PRODUCT_NAME = "$(TARGET_NAME)";
				PROVISIONING_PROFILE = "";
			};
			name = Release;
		};
		521F9DDA1C01737100129859 /* Debug */ = {
			isa = XCBuildConfiguration;
			buildSettings = {
				CLANG_ENABLE_MODULES = YES;
				CODE_SIGN_IDENTITY = "Mac Developer";
				"CODE_SIGN_IDENTITY[sdk=macosx*]" = "Mac Developer";
				COMBINE_HIDPI_IMAGES = YES;
				CURRENT_PROJECT_VERSION = 1;
				DEFINES_MODULE = YES;
				DYLIB_COMPATIBILITY_VERSION = 1;
				DYLIB_CURRENT_VERSION = 1;
				DYLIB_INSTALL_NAME_BASE = "@rpath";
				FRAMEWORK_VERSION = A;
				INFOPLIST_FILE = SourceListKit/Info.plist;
				INSTALL_PATH = "$(LOCAL_LIBRARY_DIR)/Frameworks";
				LD_RUNPATH_SEARCH_PATHS = "$(inherited) @executable_path/../Frameworks @loader_path/Frameworks";
				PRODUCT_BUNDLE_IDENTIFIER = "com.Todd-Olsen.SourceListKit";
				PRODUCT_NAME = "$(TARGET_NAME)";
				SKIP_INSTALL = YES;
				SWIFT_OPTIMIZATION_LEVEL = "-Onone";
				VERSIONING_SYSTEM = "apple-generic";
				VERSION_INFO_PREFIX = "";
			};
			name = Debug;
		};
		521F9DDB1C01737100129859 /* Release */ = {
			isa = XCBuildConfiguration;
			buildSettings = {
				CLANG_ENABLE_MODULES = YES;
				CODE_SIGN_IDENTITY = "Mac Developer";
				"CODE_SIGN_IDENTITY[sdk=macosx*]" = "Mac Developer";
				COMBINE_HIDPI_IMAGES = YES;
				CURRENT_PROJECT_VERSION = 1;
				DEFINES_MODULE = YES;
				DYLIB_COMPATIBILITY_VERSION = 1;
				DYLIB_CURRENT_VERSION = 1;
				DYLIB_INSTALL_NAME_BASE = "@rpath";
				FRAMEWORK_VERSION = A;
				INFOPLIST_FILE = SourceListKit/Info.plist;
				INSTALL_PATH = "$(LOCAL_LIBRARY_DIR)/Frameworks";
				LD_RUNPATH_SEARCH_PATHS = "$(inherited) @executable_path/../Frameworks @loader_path/Frameworks";
				PRODUCT_BUNDLE_IDENTIFIER = "com.Todd-Olsen.SourceListKit";
				PRODUCT_NAME = "$(TARGET_NAME)";
				SKIP_INSTALL = YES;
				VERSIONING_SYSTEM = "apple-generic";
				VERSION_INFO_PREFIX = "";
			};
			name = Release;
		};
		521F9E6E1C03768C00129859 /* Debug */ = {
			isa = XCBuildConfiguration;
			buildSettings = {
				CLANG_ENABLE_MODULES = YES;
				CODE_SIGN_IDENTITY = "Mac Developer";
				"CODE_SIGN_IDENTITY[sdk=macosx*]" = "Mac Developer";
				COMBINE_HIDPI_IMAGES = YES;
				CURRENT_PROJECT_VERSION = 1;
				DEFINES_MODULE = YES;
				DYLIB_COMPATIBILITY_VERSION = 1;
				DYLIB_CURRENT_VERSION = 1;
				DYLIB_INSTALL_NAME_BASE = "@rpath";
				FRAMEWORK_VERSION = A;
				INFOPLIST_FILE = UtilityKit_OSX/Info.plist;
				INSTALL_PATH = "$(LOCAL_LIBRARY_DIR)/Frameworks";
				LD_RUNPATH_SEARCH_PATHS = "$(inherited) @executable_path/../Frameworks @loader_path/Frameworks";
				ONLY_ACTIVE_ARCH = YES;
				PRODUCT_BUNDLE_IDENTIFIER = "com.Todd-Olsen.UtilityKit-OSX";
				PRODUCT_NAME = "$(TARGET_NAME)";
				SKIP_INSTALL = YES;
				SWIFT_OPTIMIZATION_LEVEL = "-Onone";
				VERSIONING_SYSTEM = "apple-generic";
				VERSION_INFO_PREFIX = "";
			};
			name = Debug;
		};
		521F9E6F1C03768C00129859 /* Release */ = {
			isa = XCBuildConfiguration;
			buildSettings = {
				CLANG_ENABLE_MODULES = YES;
				CODE_SIGN_IDENTITY = "Mac Developer";
				"CODE_SIGN_IDENTITY[sdk=macosx*]" = "Mac Developer";
				COMBINE_HIDPI_IMAGES = YES;
				CURRENT_PROJECT_VERSION = 1;
				DEFINES_MODULE = YES;
				DYLIB_COMPATIBILITY_VERSION = 1;
				DYLIB_CURRENT_VERSION = 1;
				DYLIB_INSTALL_NAME_BASE = "@rpath";
				FRAMEWORK_VERSION = A;
				INFOPLIST_FILE = UtilityKit_OSX/Info.plist;
				INSTALL_PATH = "$(LOCAL_LIBRARY_DIR)/Frameworks";
				LD_RUNPATH_SEARCH_PATHS = "$(inherited) @executable_path/../Frameworks @loader_path/Frameworks";
				PRODUCT_BUNDLE_IDENTIFIER = "com.Todd-Olsen.UtilityKit-OSX";
				PRODUCT_NAME = "$(TARGET_NAME)";
				SKIP_INSTALL = YES;
				VERSIONING_SYSTEM = "apple-generic";
				VERSION_INFO_PREFIX = "";
			};
			name = Release;
		};
		521F9E711C03768C00129859 /* Debug */ = {
			isa = XCBuildConfiguration;
			buildSettings = {
				COMBINE_HIDPI_IMAGES = YES;
				INFOPLIST_FILE = UtilityKit_OSXTests/Info.plist;
				LD_RUNPATH_SEARCH_PATHS = "$(inherited) @executable_path/../Frameworks @loader_path/../Frameworks";
				PRODUCT_BUNDLE_IDENTIFIER = "com.Todd-Olsen.UtilityKit-OSXTests";
				PRODUCT_NAME = "$(TARGET_NAME)";
				TEST_HOST = "$(BUILT_PRODUCTS_DIR)/Keystone-OSX.app/Contents/MacOS/Keystone-OSX";
			};
			name = Debug;
		};
		521F9E721C03768C00129859 /* Release */ = {
			isa = XCBuildConfiguration;
			buildSettings = {
				COMBINE_HIDPI_IMAGES = YES;
				INFOPLIST_FILE = UtilityKit_OSXTests/Info.plist;
				LD_RUNPATH_SEARCH_PATHS = "$(inherited) @executable_path/../Frameworks @loader_path/../Frameworks";
				PRODUCT_BUNDLE_IDENTIFIER = "com.Todd-Olsen.UtilityKit-OSXTests";
				PRODUCT_NAME = "$(TARGET_NAME)";
				TEST_HOST = "$(BUILT_PRODUCTS_DIR)/Keystone-OSX.app/Contents/MacOS/Keystone-OSX";
			};
			name = Release;
		};
		52C6C89F1C09546B00476490 /* Debug */ = {
			isa = XCBuildConfiguration;
			buildSettings = {
				CLANG_ENABLE_MODULES = YES;
				CODE_SIGN_IDENTITY = "Mac Developer";
				"CODE_SIGN_IDENTITY[sdk=macosx*]" = "Mac Developer";
				COMBINE_HIDPI_IMAGES = YES;
				CURRENT_PROJECT_VERSION = 1;
				DEFINES_MODULE = YES;
				DYLIB_COMPATIBILITY_VERSION = 1;
				DYLIB_CURRENT_VERSION = 1;
				DYLIB_INSTALL_NAME_BASE = "@rpath";
				FRAMEWORK_VERSION = A;
				INFOPLIST_FILE = "Keystone-Model-OSX/Info.plist";
				INSTALL_PATH = "$(LOCAL_LIBRARY_DIR)/Frameworks";
				LD_RUNPATH_SEARCH_PATHS = "$(inherited) @executable_path/../Frameworks @loader_path/Frameworks";
				PRODUCT_BUNDLE_IDENTIFIER = "com.Todd-Olsen.Keystone-Model-OSX";
				PRODUCT_NAME = "$(TARGET_NAME)";
				SKIP_INSTALL = YES;
				SWIFT_OPTIMIZATION_LEVEL = "-Onone";
				VERSIONING_SYSTEM = "apple-generic";
				VERSION_INFO_PREFIX = "";
			};
			name = Debug;
		};
		52C6C8A01C09546B00476490 /* Release */ = {
			isa = XCBuildConfiguration;
			buildSettings = {
				CLANG_ENABLE_MODULES = YES;
				CODE_SIGN_IDENTITY = "Mac Developer";
				"CODE_SIGN_IDENTITY[sdk=macosx*]" = "Mac Developer";
				COMBINE_HIDPI_IMAGES = YES;
				CURRENT_PROJECT_VERSION = 1;
				DEFINES_MODULE = YES;
				DYLIB_COMPATIBILITY_VERSION = 1;
				DYLIB_CURRENT_VERSION = 1;
				DYLIB_INSTALL_NAME_BASE = "@rpath";
				FRAMEWORK_VERSION = A;
				INFOPLIST_FILE = "Keystone-Model-OSX/Info.plist";
				INSTALL_PATH = "$(LOCAL_LIBRARY_DIR)/Frameworks";
				LD_RUNPATH_SEARCH_PATHS = "$(inherited) @executable_path/../Frameworks @loader_path/Frameworks";
				PRODUCT_BUNDLE_IDENTIFIER = "com.Todd-Olsen.Keystone-Model-OSX";
				PRODUCT_NAME = "$(TARGET_NAME)";
				SKIP_INSTALL = YES;
				VERSIONING_SYSTEM = "apple-generic";
				VERSION_INFO_PREFIX = "";
			};
			name = Release;
		};
/* End XCBuildConfiguration section */

/* Begin XCConfigurationList section */
		52092AFC1BF259E500B2A1EE /* Build configuration list for PBXProject "Keystone-OSX" */ = {
			isa = XCConfigurationList;
			buildConfigurations = (
				52092B0E1BF259E500B2A1EE /* Debug */,
				52092B0F1BF259E500B2A1EE /* Release */,
			);
			defaultConfigurationIsVisible = 0;
			defaultConfigurationName = Release;
		};
		52092B101BF259E500B2A1EE /* Build configuration list for PBXNativeTarget "Keystone-OSX" */ = {
			isa = XCConfigurationList;
			buildConfigurations = (
				52092B111BF259E500B2A1EE /* Debug */,
				52092B121BF259E500B2A1EE /* Release */,
			);
			defaultConfigurationIsVisible = 0;
			defaultConfigurationName = Release;
		};
		521F9DDC1C01737100129859 /* Build configuration list for PBXNativeTarget "SourceListKit" */ = {
			isa = XCConfigurationList;
			buildConfigurations = (
				521F9DDA1C01737100129859 /* Debug */,
				521F9DDB1C01737100129859 /* Release */,
			);
			defaultConfigurationIsVisible = 0;
			defaultConfigurationName = Release;
		};
		521F9E6D1C03768C00129859 /* Build configuration list for PBXNativeTarget "UtilityKit_OSX" */ = {
			isa = XCConfigurationList;
			buildConfigurations = (
				521F9E6E1C03768C00129859 /* Debug */,
				521F9E6F1C03768C00129859 /* Release */,
			);
			defaultConfigurationIsVisible = 0;
			defaultConfigurationName = Release;
		};
		521F9E701C03768C00129859 /* Build configuration list for PBXNativeTarget "UtilityKit_OSXTests" */ = {
			isa = XCConfigurationList;
			buildConfigurations = (
				521F9E711C03768C00129859 /* Debug */,
				521F9E721C03768C00129859 /* Release */,
			);
			defaultConfigurationIsVisible = 0;
			defaultConfigurationName = Release;
		};
		52C6C89E1C09546B00476490 /* Build configuration list for PBXNativeTarget "Keystone_Model_OSX" */ = {
			isa = XCConfigurationList;
			buildConfigurations = (
				52C6C89F1C09546B00476490 /* Debug */,
				52C6C8A01C09546B00476490 /* Release */,
			);
			defaultConfigurationIsVisible = 0;
			defaultConfigurationName = Release;
		};
/* End XCConfigurationList section */

/* Begin XCVersionGroup section */
		52C6C8EC1C09557900476490 /* Keystone_v1.xcdatamodeld */ = {
			isa = XCVersionGroup;
			children = (
				52C6C8ED1C09557900476490 /* Keystone_v1.xcdatamodel */,
			);
			currentVersion = 52C6C8ED1C09557900476490 /* Keystone_v1.xcdatamodel */;
			name = Keystone_v1.xcdatamodeld;
			path = ../../../Model/KeystoneModel/Keystone_v1.xcdatamodeld;
			sourceTree = "<group>";
			versionGroupType = wrapper.xcdatamodel;
		};
/* End XCVersionGroup section */
	};
	rootObject = 52092AF91BF259E500B2A1EE /* Project object */;
}
