// !$*UTF8*$!
{
	archiveVersion = 1;
	classes = {
	};
	objectVersion = 46;
	objects = {

/* Begin PBXBuildFile section */
		52092B051BF259E500B2A1EE /* AppDelegate.swift in Sources */ = {isa = PBXBuildFile; fileRef = 52092B041BF259E500B2A1EE /* AppDelegate.swift */; };
		52092B091BF259E500B2A1EE /* Assets.xcassets in Resources */ = {isa = PBXBuildFile; fileRef = 52092B081BF259E500B2A1EE /* Assets.xcassets */; };
		52092B1B1BF25A0100B2A1EE /* Keystone_OSX_Model.h in Headers */ = {isa = PBXBuildFile; fileRef = 52092B1A1BF25A0000B2A1EE /* Keystone_OSX_Model.h */; settings = {ATTRIBUTES = (Public, ); }; };
		52092B1F1BF25A0100B2A1EE /* Keystone_OSX_Model.framework in Frameworks */ = {isa = PBXBuildFile; fileRef = 52092B181BF25A0000B2A1EE /* Keystone_OSX_Model.framework */; };
		52092B201BF25A0100B2A1EE /* Keystone_OSX_Model.framework in Embed Frameworks */ = {isa = PBXBuildFile; fileRef = 52092B181BF25A0000B2A1EE /* Keystone_OSX_Model.framework */; settings = {ATTRIBUTES = (CodeSignOnCopy, RemoveHeadersOnCopy, ); }; };
		52092B2B1BF26FD300B2A1EE /* Keystone.xcdatamodel in Sources */ = {isa = PBXBuildFile; fileRef = 52092B2A1BF26FD300B2A1EE /* Keystone.xcdatamodel */; settings = {ASSET_TAGS = (); }; };
		52092B2D1BF2701A00B2A1EE /* ProblemCollection.swift in Sources */ = {isa = PBXBuildFile; fileRef = 52092B2C1BF2701A00B2A1EE /* ProblemCollection.swift */; settings = {ASSET_TAGS = (); }; };
		52092B771BF2772800B2A1EE /* NSFetchRequest+Extensions.swift in Sources */ = {isa = PBXBuildFile; fileRef = 52092B691BF2772800B2A1EE /* NSFetchRequest+Extensions.swift */; settings = {ASSET_TAGS = (); }; };
		52092B781BF2772800B2A1EE /* ValueTransformer.swift in Sources */ = {isa = PBXBuildFile; fileRef = 52092B6A1BF2772800B2A1EE /* ValueTransformer.swift */; settings = {ASSET_TAGS = (); }; };
		52092B791BF2772800B2A1EE /* NSManagedObjectContext+Observers.swift in Sources */ = {isa = PBXBuildFile; fileRef = 52092B6B1BF2772800B2A1EE /* NSManagedObjectContext+Observers.swift */; settings = {ASSET_TAGS = (); }; };
		52092B7A1BF2772800B2A1EE /* ModelBuilder.swift in Sources */ = {isa = PBXBuildFile; fileRef = 52092B6C1BF2772800B2A1EE /* ModelBuilder.swift */; settings = {ASSET_TAGS = (); }; };
		52092B7B1BF2772800B2A1EE /* Collection+CoreDataExtensions.swift in Sources */ = {isa = PBXBuildFile; fileRef = 52092B6D1BF2772800B2A1EE /* Collection+CoreDataExtensions.swift */; settings = {ASSET_TAGS = (); }; };
		52092B7C1BF2772800B2A1EE /* Utilities.swift in Sources */ = {isa = PBXBuildFile; fileRef = 52092B6E1BF2772800B2A1EE /* Utilities.swift */; settings = {ASSET_TAGS = (); }; };
		52092B7D1BF2772800B2A1EE /* ModelVersionType.swift in Sources */ = {isa = PBXBuildFile; fileRef = 52092B6F1BF2772800B2A1EE /* ModelVersionType.swift */; settings = {ASSET_TAGS = (); }; };
		52092B7E1BF2772800B2A1EE /* ManagedObjectObserver.swift in Sources */ = {isa = PBXBuildFile; fileRef = 52092B701BF2772800B2A1EE /* ManagedObjectObserver.swift */; settings = {ASSET_TAGS = (); }; };
		52092B7F1BF2772800B2A1EE /* NSManagedObjectContext+Extensions.swift in Sources */ = {isa = PBXBuildFile; fileRef = 52092B711BF2772800B2A1EE /* NSManagedObjectContext+Extensions.swift */; settings = {ASSET_TAGS = (); }; };
		52092B801BF2772800B2A1EE /* CoreDataErrors.swift in Sources */ = {isa = PBXBuildFile; fileRef = 52092B721BF2772800B2A1EE /* CoreDataErrors.swift */; settings = {ASSET_TAGS = (); }; };
		52092B811BF2772800B2A1EE /* Migration.swift in Sources */ = {isa = PBXBuildFile; fileRef = 52092B731BF2772800B2A1EE /* Migration.swift */; settings = {ASSET_TAGS = (); }; };
		52092B821BF2772800B2A1EE /* NSPersistentStoreCoordinator+Extensions.swift in Sources */ = {isa = PBXBuildFile; fileRef = 52092B741BF2772800B2A1EE /* NSPersistentStoreCoordinator+Extensions.swift */; settings = {ASSET_TAGS = (); }; };
		52092B831BF2772800B2A1EE /* NSManagedObject+Extensions.swift in Sources */ = {isa = PBXBuildFile; fileRef = 52092B751BF2772800B2A1EE /* NSManagedObject+Extensions.swift */; settings = {ASSET_TAGS = (); }; };
		52092B841BF2772800B2A1EE /* ManagedObject.swift in Sources */ = {isa = PBXBuildFile; fileRef = 52092B761BF2772800B2A1EE /* ManagedObject.swift */; settings = {ASSET_TAGS = (); }; };
		52092B881BF277E800B2A1EE /* CloudKit.framework in Frameworks */ = {isa = PBXBuildFile; fileRef = 52092B871BF277E800B2A1EE /* CloudKit.framework */; };
		52092B8A1BF2780A00B2A1EE /* StoreKit.framework in Frameworks */ = {isa = PBXBuildFile; fileRef = 52092B891BF2780A00B2A1EE /* StoreKit.framework */; };
		521F9DD41C01737100129859 /* SourceListKit.h in Headers */ = {isa = PBXBuildFile; fileRef = 521F9DD31C01737100129859 /* SourceListKit.h */; settings = {ATTRIBUTES = (Public, ); }; };
		521F9DD81C01737100129859 /* SourceListKit.framework in Frameworks */ = {isa = PBXBuildFile; fileRef = 521F9DD11C01737100129859 /* SourceListKit.framework */; };
		521F9DD91C01737100129859 /* SourceListKit.framework in Embed Frameworks */ = {isa = PBXBuildFile; fileRef = 521F9DD11C01737100129859 /* SourceListKit.framework */; settings = {ATTRIBUTES = (CodeSignOnCopy, RemoveHeadersOnCopy, ); }; };
		521F9DE41C0173A900129859 /* SourceListConfigurationProvider.swift in Sources */ = {isa = PBXBuildFile; fileRef = 521F9DDD1C0173A900129859 /* SourceListConfigurationProvider.swift */; settings = {ASSET_TAGS = (); }; };
		521F9DE51C0173A900129859 /* SourceListItemsProvider.swift in Sources */ = {isa = PBXBuildFile; fileRef = 521F9DDE1C0173A900129859 /* SourceListItemsProvider.swift */; settings = {ASSET_TAGS = (); }; };
		521F9DE61C0173A900129859 /* SourceListItem.swift in Sources */ = {isa = PBXBuildFile; fileRef = 521F9DDF1C0173A900129859 /* SourceListItem.swift */; settings = {ASSET_TAGS = (); }; };
		521F9DE71C0173A900129859 /* TableCellView.swift in Sources */ = {isa = PBXBuildFile; fileRef = 521F9DE01C0173A900129859 /* TableCellView.swift */; settings = {ASSET_TAGS = (); }; };
		521F9DE81C0173A900129859 /* SourceListHeaderCellView.swift in Sources */ = {isa = PBXBuildFile; fileRef = 521F9DE11C0173A900129859 /* SourceListHeaderCellView.swift */; settings = {ASSET_TAGS = (); }; };
		521F9DE91C0173A900129859 /* SourceListDetailCellView.swift in Sources */ = {isa = PBXBuildFile; fileRef = 521F9DE21C0173A900129859 /* SourceListDetailCellView.swift */; settings = {ASSET_TAGS = (); }; };
		521F9DEA1C0173A900129859 /* TableRowView.swift in Sources */ = {isa = PBXBuildFile; fileRef = 521F9DE31C0173A900129859 /* TableRowView.swift */; settings = {ASSET_TAGS = (); }; };
		521F9DEC1C01742200129859 /* Constants.swift in Sources */ = {isa = PBXBuildFile; fileRef = 521F9DEB1C01742200129859 /* Constants.swift */; settings = {ASSET_TAGS = (); }; };
		521F9E251C017A3200129859 /* Assignment.swift in Sources */ = {isa = PBXBuildFile; fileRef = 521F9E211C017A3200129859 /* Assignment.swift */; settings = {ASSET_TAGS = (); }; };
		521F9E261C017A3200129859 /* List.swift in Sources */ = {isa = PBXBuildFile; fileRef = 521F9E221C017A3200129859 /* List.swift */; settings = {ASSET_TAGS = (); }; };
		521F9E271C017A3200129859 /* Problem.swift in Sources */ = {isa = PBXBuildFile; fileRef = 521F9E231C017A3200129859 /* Problem.swift */; settings = {ASSET_TAGS = (); }; };
		521F9E281C017A3200129859 /* Student.swift in Sources */ = {isa = PBXBuildFile; fileRef = 521F9E241C017A3200129859 /* Student.swift */; settings = {ASSET_TAGS = (); }; };
		521F9E331C017D2200129859 /* RandomModelProtocol.swift in Sources */ = {isa = PBXBuildFile; fileRef = 521F9E321C017D2200129859 /* RandomModelProtocol.swift */; settings = {ASSET_TAGS = (); }; };
		521F9E371C017DC900129859 /* Assignment+Random.swift in Sources */ = {isa = PBXBuildFile; fileRef = 521F9E361C017DC900129859 /* Assignment+Random.swift */; settings = {ASSET_TAGS = (); }; };
		521F9E3C1C019A7600129859 /* Problem+Random.swift in Sources */ = {isa = PBXBuildFile; fileRef = 521F9E3B1C019A7600129859 /* Problem+Random.swift */; settings = {ASSET_TAGS = (); }; };
		521F9E401C02B7D200129859 /* Student+Random.swift in Sources */ = {isa = PBXBuildFile; fileRef = 521F9E3F1C02B7D200129859 /* Student+Random.swift */; settings = {ASSET_TAGS = (); }; };
		521F9E4A1C0366ED00129859 /* WindowController.swift in Sources */ = {isa = PBXBuildFile; fileRef = 521F9E451C0366ED00129859 /* WindowController.swift */; settings = {ASSET_TAGS = (); }; };
		521F9E4B1C0366ED00129859 /* MainSplitViewController.swift in Sources */ = {isa = PBXBuildFile; fileRef = 521F9E461C0366ED00129859 /* MainSplitViewController.swift */; settings = {ASSET_TAGS = (); }; };
		521F9E4C1C0366ED00129859 /* SourceListTabViewController.swift in Sources */ = {isa = PBXBuildFile; fileRef = 521F9E471C0366ED00129859 /* SourceListTabViewController.swift */; settings = {ASSET_TAGS = (); }; };
		521F9E4D1C0366ED00129859 /* ContentTabViewController.swift in Sources */ = {isa = PBXBuildFile; fileRef = 521F9E481C0366ED00129859 /* ContentTabViewController.swift */; settings = {ASSET_TAGS = (); }; };
		521F9E4E1C0366ED00129859 /* SourceListViewController.swift in Sources */ = {isa = PBXBuildFile; fileRef = 521F9E491C0366ED00129859 /* SourceListViewController.swift */; settings = {ASSET_TAGS = (); }; };
		521F9E501C03671000129859 /* Main.storyboard in Resources */ = {isa = PBXBuildFile; fileRef = 521F9E4F1C03671000129859 /* Main.storyboard */; settings = {ASSET_TAGS = (); }; };
		521F9E591C03768C00129859 /* UtilityKit_OSX.h in Headers */ = {isa = PBXBuildFile; fileRef = 521F9E581C03768C00129859 /* UtilityKit_OSX.h */; settings = {ATTRIBUTES = (Public, ); }; };
		521F9E601C03768C00129859 /* UtilityKit_OSX.framework in Frameworks */ = {isa = PBXBuildFile; fileRef = 521F9E561C03768C00129859 /* UtilityKit_OSX.framework */; settings = {ASSET_TAGS = (); }; };
		521F9E671C03768C00129859 /* UtilityKit_OSXTests.swift in Sources */ = {isa = PBXBuildFile; fileRef = 521F9E661C03768C00129859 /* UtilityKit_OSXTests.swift */; };
		521F9E6B1C03768C00129859 /* UtilityKit_OSX.framework in Frameworks */ = {isa = PBXBuildFile; fileRef = 521F9E561C03768C00129859 /* UtilityKit_OSX.framework */; };
		521F9E6C1C03768C00129859 /* UtilityKit_OSX.framework in Embed Frameworks */ = {isa = PBXBuildFile; fileRef = 521F9E561C03768C00129859 /* UtilityKit_OSX.framework */; settings = {ATTRIBUTES = (CodeSignOnCopy, RemoveHeadersOnCopy, ); }; };
		521F9E791C0377B000129859 /* AppKitExtensions.swift in Sources */ = {isa = PBXBuildFile; fileRef = 521F9E731C0377B000129859 /* AppKitExtensions.swift */; settings = {ASSET_TAGS = (); }; };
		521F9E7A1C0377B000129859 /* Collection+Extensions.swift in Sources */ = {isa = PBXBuildFile; fileRef = 521F9E741C0377B000129859 /* Collection+Extensions.swift */; settings = {ASSET_TAGS = (); }; };
		521F9E7B1C0377B000129859 /* Delay.swift in Sources */ = {isa = PBXBuildFile; fileRef = 521F9E751C0377B000129859 /* Delay.swift */; settings = {ASSET_TAGS = (); }; };
		521F9E7C1C0377B000129859 /* first-names.txt in Resources */ = {isa = PBXBuildFile; fileRef = 521F9E761C0377B000129859 /* first-names.txt */; settings = {ASSET_TAGS = (); }; };
		521F9E7D1C0377B000129859 /* last-names.txt in Resources */ = {isa = PBXBuildFile; fileRef = 521F9E771C0377B000129859 /* last-names.txt */; settings = {ASSET_TAGS = (); }; };
		521F9E7E1C0377B000129859 /* Person.swift in Sources */ = {isa = PBXBuildFile; fileRef = 521F9E781C0377B000129859 /* Person.swift */; settings = {ASSET_TAGS = (); }; };
/* End PBXBuildFile section */

/* Begin PBXContainerItemProxy section */
		52092B1D1BF25A0100B2A1EE /* PBXContainerItemProxy */ = {
			isa = PBXContainerItemProxy;
			containerPortal = 52092AF91BF259E500B2A1EE /* Project object */;
			proxyType = 1;
			remoteGlobalIDString = 52092B171BF25A0000B2A1EE;
			remoteInfo = Keystone_OSX_Model;
		};
		521F9DD61C01737100129859 /* PBXContainerItemProxy */ = {
			isa = PBXContainerItemProxy;
			containerPortal = 52092AF91BF259E500B2A1EE /* Project object */;
			proxyType = 1;
			remoteGlobalIDString = 521F9DD01C01737100129859;
			remoteInfo = SourceListKit;
		};
		521F9E611C03768C00129859 /* PBXContainerItemProxy */ = {
			isa = PBXContainerItemProxy;
			containerPortal = 52092AF91BF259E500B2A1EE /* Project object */;
			proxyType = 1;
			remoteGlobalIDString = 521F9E551C03768C00129859;
			remoteInfo = UtilityKit_OSX;
		};
		521F9E631C03768C00129859 /* PBXContainerItemProxy */ = {
			isa = PBXContainerItemProxy;
			containerPortal = 52092AF91BF259E500B2A1EE /* Project object */;
			proxyType = 1;
			remoteGlobalIDString = 52092B001BF259E500B2A1EE;
			remoteInfo = "Keystone-OSX";
		};
		521F9E691C03768C00129859 /* PBXContainerItemProxy */ = {
			isa = PBXContainerItemProxy;
			containerPortal = 52092AF91BF259E500B2A1EE /* Project object */;
			proxyType = 1;
			remoteGlobalIDString = 521F9E551C03768C00129859;
			remoteInfo = UtilityKit_OSX;
		};
/* End PBXContainerItemProxy section */

/* Begin PBXCopyFilesBuildPhase section */
		52092B241BF25A0100B2A1EE /* Embed Frameworks */ = {
			isa = PBXCopyFilesBuildPhase;
			buildActionMask = 2147483647;
			dstPath = "";
			dstSubfolderSpec = 10;
			files = (
				521F9DD91C01737100129859 /* SourceListKit.framework in Embed Frameworks */,
				52092B201BF25A0100B2A1EE /* Keystone_OSX_Model.framework in Embed Frameworks */,
				521F9E6C1C03768C00129859 /* UtilityKit_OSX.framework in Embed Frameworks */,
			);
			name = "Embed Frameworks";
			runOnlyForDeploymentPostprocessing = 0;
		};
/* End PBXCopyFilesBuildPhase section */

/* Begin PBXFileReference section */
		52092B011BF259E500B2A1EE /* Keystone-OSX.app */ = {isa = PBXFileReference; explicitFileType = wrapper.application; includeInIndex = 0; path = "Keystone-OSX.app"; sourceTree = BUILT_PRODUCTS_DIR; };
		52092B041BF259E500B2A1EE /* AppDelegate.swift */ = {isa = PBXFileReference; lastKnownFileType = sourcecode.swift; path = AppDelegate.swift; sourceTree = "<group>"; };
		52092B081BF259E500B2A1EE /* Assets.xcassets */ = {isa = PBXFileReference; lastKnownFileType = folder.assetcatalog; path = Assets.xcassets; sourceTree = "<group>"; };
		52092B0D1BF259E500B2A1EE /* Info.plist */ = {isa = PBXFileReference; lastKnownFileType = text.plist.xml; path = Info.plist; sourceTree = "<group>"; };
		52092B181BF25A0000B2A1EE /* Keystone_OSX_Model.framework */ = {isa = PBXFileReference; explicitFileType = wrapper.framework; includeInIndex = 0; path = Keystone_OSX_Model.framework; sourceTree = BUILT_PRODUCTS_DIR; };
		52092B1A1BF25A0000B2A1EE /* Keystone_OSX_Model.h */ = {isa = PBXFileReference; lastKnownFileType = sourcecode.c.h; path = Keystone_OSX_Model.h; sourceTree = "<group>"; };
		52092B1C1BF25A0100B2A1EE /* Info.plist */ = {isa = PBXFileReference; lastKnownFileType = text.plist.xml; path = Info.plist; sourceTree = "<group>"; };
		52092B2A1BF26FD300B2A1EE /* Keystone.xcdatamodel */ = {isa = PBXFileReference; lastKnownFileType = wrapper.xcdatamodel; path = Keystone.xcdatamodel; sourceTree = "<group>"; };
		52092B2C1BF2701A00B2A1EE /* ProblemCollection.swift */ = {isa = PBXFileReference; fileEncoding = 4; lastKnownFileType = sourcecode.swift; path = ProblemCollection.swift; sourceTree = "<group>"; };
		52092B691BF2772800B2A1EE /* NSFetchRequest+Extensions.swift */ = {isa = PBXFileReference; fileEncoding = 4; lastKnownFileType = sourcecode.swift; path = "NSFetchRequest+Extensions.swift"; sourceTree = "<group>"; };
		52092B6A1BF2772800B2A1EE /* ValueTransformer.swift */ = {isa = PBXFileReference; fileEncoding = 4; lastKnownFileType = sourcecode.swift; path = ValueTransformer.swift; sourceTree = "<group>"; };
		52092B6B1BF2772800B2A1EE /* NSManagedObjectContext+Observers.swift */ = {isa = PBXFileReference; fileEncoding = 4; lastKnownFileType = sourcecode.swift; path = "NSManagedObjectContext+Observers.swift"; sourceTree = "<group>"; };
		52092B6C1BF2772800B2A1EE /* ModelBuilder.swift */ = {isa = PBXFileReference; fileEncoding = 4; lastKnownFileType = sourcecode.swift; path = ModelBuilder.swift; sourceTree = "<group>"; };
		52092B6D1BF2772800B2A1EE /* Collection+CoreDataExtensions.swift */ = {isa = PBXFileReference; fileEncoding = 4; lastKnownFileType = sourcecode.swift; path = "Collection+CoreDataExtensions.swift"; sourceTree = "<group>"; };
		52092B6E1BF2772800B2A1EE /* Utilities.swift */ = {isa = PBXFileReference; fileEncoding = 4; lastKnownFileType = sourcecode.swift; path = Utilities.swift; sourceTree = "<group>"; };
		52092B6F1BF2772800B2A1EE /* ModelVersionType.swift */ = {isa = PBXFileReference; fileEncoding = 4; lastKnownFileType = sourcecode.swift; path = ModelVersionType.swift; sourceTree = "<group>"; };
		52092B701BF2772800B2A1EE /* ManagedObjectObserver.swift */ = {isa = PBXFileReference; fileEncoding = 4; lastKnownFileType = sourcecode.swift; path = ManagedObjectObserver.swift; sourceTree = "<group>"; };
		52092B711BF2772800B2A1EE /* NSManagedObjectContext+Extensions.swift */ = {isa = PBXFileReference; fileEncoding = 4; lastKnownFileType = sourcecode.swift; path = "NSManagedObjectContext+Extensions.swift"; sourceTree = "<group>"; };
		52092B721BF2772800B2A1EE /* CoreDataErrors.swift */ = {isa = PBXFileReference; fileEncoding = 4; lastKnownFileType = sourcecode.swift; path = CoreDataErrors.swift; sourceTree = "<group>"; };
		52092B731BF2772800B2A1EE /* Migration.swift */ = {isa = PBXFileReference; fileEncoding = 4; lastKnownFileType = sourcecode.swift; path = Migration.swift; sourceTree = "<group>"; };
		52092B741BF2772800B2A1EE /* NSPersistentStoreCoordinator+Extensions.swift */ = {isa = PBXFileReference; fileEncoding = 4; lastKnownFileType = sourcecode.swift; path = "NSPersistentStoreCoordinator+Extensions.swift"; sourceTree = "<group>"; };
		52092B751BF2772800B2A1EE /* NSManagedObject+Extensions.swift */ = {isa = PBXFileReference; fileEncoding = 4; lastKnownFileType = sourcecode.swift; path = "NSManagedObject+Extensions.swift"; sourceTree = "<group>"; };
		52092B761BF2772800B2A1EE /* ManagedObject.swift */ = {isa = PBXFileReference; fileEncoding = 4; lastKnownFileType = sourcecode.swift; path = ManagedObject.swift; sourceTree = "<group>"; };
		52092B861BF277C700B2A1EE /* Keystone-OSX.entitlements */ = {isa = PBXFileReference; lastKnownFileType = text.xml; path = "Keystone-OSX.entitlements"; sourceTree = "<group>"; };
		52092B871BF277E800B2A1EE /* CloudKit.framework */ = {isa = PBXFileReference; lastKnownFileType = wrapper.framework; name = CloudKit.framework; path = System/Library/Frameworks/CloudKit.framework; sourceTree = SDKROOT; };
		52092B891BF2780A00B2A1EE /* StoreKit.framework */ = {isa = PBXFileReference; lastKnownFileType = wrapper.framework; name = StoreKit.framework; path = System/Library/Frameworks/StoreKit.framework; sourceTree = SDKROOT; };
		521F9DD11C01737100129859 /* SourceListKit.framework */ = {isa = PBXFileReference; explicitFileType = wrapper.framework; includeInIndex = 0; path = SourceListKit.framework; sourceTree = BUILT_PRODUCTS_DIR; };
		521F9DD31C01737100129859 /* SourceListKit.h */ = {isa = PBXFileReference; lastKnownFileType = sourcecode.c.h; path = SourceListKit.h; sourceTree = "<group>"; };
		521F9DD51C01737100129859 /* Info.plist */ = {isa = PBXFileReference; lastKnownFileType = text.plist.xml; path = Info.plist; sourceTree = "<group>"; };
		521F9DDD1C0173A900129859 /* SourceListConfigurationProvider.swift */ = {isa = PBXFileReference; fileEncoding = 4; lastKnownFileType = sourcecode.swift; path = SourceListConfigurationProvider.swift; sourceTree = "<group>"; };
		521F9DDE1C0173A900129859 /* SourceListItemsProvider.swift */ = {isa = PBXFileReference; fileEncoding = 4; lastKnownFileType = sourcecode.swift; path = SourceListItemsProvider.swift; sourceTree = "<group>"; };
		521F9DDF1C0173A900129859 /* SourceListItem.swift */ = {isa = PBXFileReference; fileEncoding = 4; lastKnownFileType = sourcecode.swift; path = SourceListItem.swift; sourceTree = "<group>"; };
		521F9DE01C0173A900129859 /* TableCellView.swift */ = {isa = PBXFileReference; fileEncoding = 4; lastKnownFileType = sourcecode.swift; path = TableCellView.swift; sourceTree = "<group>"; };
		521F9DE11C0173A900129859 /* SourceListHeaderCellView.swift */ = {isa = PBXFileReference; fileEncoding = 4; lastKnownFileType = sourcecode.swift; path = SourceListHeaderCellView.swift; sourceTree = "<group>"; };
		521F9DE21C0173A900129859 /* SourceListDetailCellView.swift */ = {isa = PBXFileReference; fileEncoding = 4; lastKnownFileType = sourcecode.swift; path = SourceListDetailCellView.swift; sourceTree = "<group>"; };
		521F9DE31C0173A900129859 /* TableRowView.swift */ = {isa = PBXFileReference; fileEncoding = 4; lastKnownFileType = sourcecode.swift; path = TableRowView.swift; sourceTree = "<group>"; };
		521F9DEB1C01742200129859 /* Constants.swift */ = {isa = PBXFileReference; fileEncoding = 4; lastKnownFileType = sourcecode.swift; path = Constants.swift; sourceTree = "<group>"; };
		521F9E211C017A3200129859 /* Assignment.swift */ = {isa = PBXFileReference; fileEncoding = 4; lastKnownFileType = sourcecode.swift; name = Assignment.swift; path = ../../../Shared/Model/Assignment.swift; sourceTree = "<group>"; };
		521F9E221C017A3200129859 /* List.swift */ = {isa = PBXFileReference; fileEncoding = 4; lastKnownFileType = sourcecode.swift; name = List.swift; path = ../../../Shared/Model/List.swift; sourceTree = "<group>"; };
		521F9E231C017A3200129859 /* Problem.swift */ = {isa = PBXFileReference; fileEncoding = 4; lastKnownFileType = sourcecode.swift; name = Problem.swift; path = ../../../Shared/Model/Problem.swift; sourceTree = "<group>"; };
		521F9E241C017A3200129859 /* Student.swift */ = {isa = PBXFileReference; fileEncoding = 4; lastKnownFileType = sourcecode.swift; name = Student.swift; path = ../../../Shared/Model/Student.swift; sourceTree = "<group>"; };
		521F9E321C017D2200129859 /* RandomModelProtocol.swift */ = {isa = PBXFileReference; fileEncoding = 4; lastKnownFileType = sourcecode.swift; name = RandomModelProtocol.swift; path = ../../../Shared/Model/Random/RandomModelProtocol.swift; sourceTree = "<group>"; };
		521F9E361C017DC900129859 /* Assignment+Random.swift */ = {isa = PBXFileReference; fileEncoding = 4; lastKnownFileType = sourcecode.swift; name = "Assignment+Random.swift"; path = "../../../Shared/Model/Random/Assignment+Random.swift"; sourceTree = "<group>"; };
		521F9E3B1C019A7600129859 /* Problem+Random.swift */ = {isa = PBXFileReference; fileEncoding = 4; lastKnownFileType = sourcecode.swift; name = "Problem+Random.swift"; path = "../../../Shared/Model/Random/Problem+Random.swift"; sourceTree = "<group>"; };
		521F9E3F1C02B7D200129859 /* Student+Random.swift */ = {isa = PBXFileReference; fileEncoding = 4; lastKnownFileType = sourcecode.swift; name = "Student+Random.swift"; path = "../../../Shared/Model/Random/Student+Random.swift"; sourceTree = "<group>"; };
		521F9E451C0366ED00129859 /* WindowController.swift */ = {isa = PBXFileReference; fileEncoding = 4; lastKnownFileType = sourcecode.swift; path = WindowController.swift; sourceTree = "<group>"; };
		521F9E461C0366ED00129859 /* MainSplitViewController.swift */ = {isa = PBXFileReference; fileEncoding = 4; lastKnownFileType = sourcecode.swift; path = MainSplitViewController.swift; sourceTree = "<group>"; };
		521F9E471C0366ED00129859 /* SourceListTabViewController.swift */ = {isa = PBXFileReference; fileEncoding = 4; lastKnownFileType = sourcecode.swift; path = SourceListTabViewController.swift; sourceTree = "<group>"; };
		521F9E481C0366ED00129859 /* ContentTabViewController.swift */ = {isa = PBXFileReference; fileEncoding = 4; lastKnownFileType = sourcecode.swift; path = ContentTabViewController.swift; sourceTree = "<group>"; };
		521F9E491C0366ED00129859 /* SourceListViewController.swift */ = {isa = PBXFileReference; fileEncoding = 4; lastKnownFileType = sourcecode.swift; path = SourceListViewController.swift; sourceTree = "<group>"; };
		521F9E4F1C03671000129859 /* Main.storyboard */ = {isa = PBXFileReference; fileEncoding = 4; lastKnownFileType = file.storyboard; path = Main.storyboard; sourceTree = "<group>"; };
		521F9E561C03768C00129859 /* UtilityKit_OSX.framework */ = {isa = PBXFileReference; explicitFileType = wrapper.framework; includeInIndex = 0; path = UtilityKit_OSX.framework; sourceTree = BUILT_PRODUCTS_DIR; };
		521F9E581C03768C00129859 /* UtilityKit_OSX.h */ = {isa = PBXFileReference; lastKnownFileType = sourcecode.c.h; path = UtilityKit_OSX.h; sourceTree = "<group>"; };
		521F9E5A1C03768C00129859 /* Info.plist */ = {isa = PBXFileReference; lastKnownFileType = text.plist.xml; path = Info.plist; sourceTree = "<group>"; };
		521F9E5F1C03768C00129859 /* UtilityKit_OSXTests.xctest */ = {isa = PBXFileReference; explicitFileType = wrapper.cfbundle; includeInIndex = 0; path = UtilityKit_OSXTests.xctest; sourceTree = BUILT_PRODUCTS_DIR; };
		521F9E661C03768C00129859 /* UtilityKit_OSXTests.swift */ = {isa = PBXFileReference; lastKnownFileType = sourcecode.swift; path = UtilityKit_OSXTests.swift; sourceTree = "<group>"; };
		521F9E681C03768C00129859 /* Info.plist */ = {isa = PBXFileReference; lastKnownFileType = text.plist.xml; path = Info.plist; sourceTree = "<group>"; };
		521F9E731C0377B000129859 /* AppKitExtensions.swift */ = {isa = PBXFileReference; fileEncoding = 4; lastKnownFileType = sourcecode.swift; name = AppKitExtensions.swift; path = ../../../Shared/Utilities/OSX/AppKitExtensions.swift; sourceTree = "<group>"; };
		521F9E741C0377B000129859 /* Collection+Extensions.swift */ = {isa = PBXFileReference; fileEncoding = 4; lastKnownFileType = sourcecode.swift; name = "Collection+Extensions.swift"; path = "../../../Shared/Utilities/Shared/Collection+Extensions.swift"; sourceTree = "<group>"; };
		521F9E751C0377B000129859 /* Delay.swift */ = {isa = PBXFileReference; fileEncoding = 4; lastKnownFileType = sourcecode.swift; name = Delay.swift; path = ../../../Shared/Utilities/Shared/Delay.swift; sourceTree = "<group>"; };
		521F9E761C0377B000129859 /* first-names.txt */ = {isa = PBXFileReference; fileEncoding = 4; lastKnownFileType = text; name = "first-names.txt"; path = "../../../Shared/Utilities/Shared/first-names.txt"; sourceTree = "<group>"; };
		521F9E771C0377B000129859 /* last-names.txt */ = {isa = PBXFileReference; fileEncoding = 4; lastKnownFileType = text; name = "last-names.txt"; path = "../../../Shared/Utilities/Shared/last-names.txt"; sourceTree = "<group>"; };
		521F9E781C0377B000129859 /* Person.swift */ = {isa = PBXFileReference; fileEncoding = 4; lastKnownFileType = sourcecode.swift; name = Person.swift; path = ../../../Shared/Utilities/Shared/Person.swift; sourceTree = "<group>"; };
/* End PBXFileReference section */

/* Begin PBXFrameworksBuildPhase section */
		52092AFE1BF259E500B2A1EE /* Frameworks */ = {
			isa = PBXFrameworksBuildPhase;
			buildActionMask = 2147483647;
			files = (
				521F9DD81C01737100129859 /* SourceListKit.framework in Frameworks */,
				52092B8A1BF2780A00B2A1EE /* StoreKit.framework in Frameworks */,
				52092B1F1BF25A0100B2A1EE /* Keystone_OSX_Model.framework in Frameworks */,
				521F9E6B1C03768C00129859 /* UtilityKit_OSX.framework in Frameworks */,
				52092B881BF277E800B2A1EE /* CloudKit.framework in Frameworks */,
			);
			runOnlyForDeploymentPostprocessing = 0;
		};
		52092B141BF25A0000B2A1EE /* Frameworks */ = {
			isa = PBXFrameworksBuildPhase;
			buildActionMask = 2147483647;
			files = (
			);
			runOnlyForDeploymentPostprocessing = 0;
		};
		521F9DCD1C01737100129859 /* Frameworks */ = {
			isa = PBXFrameworksBuildPhase;
			buildActionMask = 2147483647;
			files = (
			);
			runOnlyForDeploymentPostprocessing = 0;
		};
		521F9E521C03768C00129859 /* Frameworks */ = {
			isa = PBXFrameworksBuildPhase;
			buildActionMask = 2147483647;
			files = (
			);
			runOnlyForDeploymentPostprocessing = 0;
		};
		521F9E5C1C03768C00129859 /* Frameworks */ = {
			isa = PBXFrameworksBuildPhase;
			buildActionMask = 2147483647;
			files = (
				521F9E601C03768C00129859 /* UtilityKit_OSX.framework in Frameworks */,
			);
			runOnlyForDeploymentPostprocessing = 0;
		};
/* End PBXFrameworksBuildPhase section */

/* Begin PBXGroup section */
		52092AF81BF259E500B2A1EE = {
			isa = PBXGroup;
			children = (
				52092B891BF2780A00B2A1EE /* StoreKit.framework */,
				52092B871BF277E800B2A1EE /* CloudKit.framework */,
				52092B031BF259E500B2A1EE /* Keystone-OSX */,
				52092B191BF25A0000B2A1EE /* Keystone_OSX_Model */,
				521F9DD21C01737100129859 /* SourceListKit */,
				521F9E571C03768C00129859 /* UtilityKit_OSX */,
				521F9E651C03768C00129859 /* UtilityKit_OSXTests */,
				52092B021BF259E500B2A1EE /* Products */,
			);
			sourceTree = "<group>";
		};
		52092B021BF259E500B2A1EE /* Products */ = {
			isa = PBXGroup;
			children = (
				52092B011BF259E500B2A1EE /* Keystone-OSX.app */,
				52092B181BF25A0000B2A1EE /* Keystone_OSX_Model.framework */,
				521F9DD11C01737100129859 /* SourceListKit.framework */,
				521F9E561C03768C00129859 /* UtilityKit_OSX.framework */,
				521F9E5F1C03768C00129859 /* UtilityKit_OSXTests.xctest */,
			);
			name = Products;
			sourceTree = "<group>";
		};
		52092B031BF259E500B2A1EE /* Keystone-OSX */ = {
			isa = PBXGroup;
			children = (
				52092B861BF277C700B2A1EE /* Keystone-OSX.entitlements */,
				52092B041BF259E500B2A1EE /* AppDelegate.swift */,
				521F9E451C0366ED00129859 /* WindowController.swift */,
				521F9E461C0366ED00129859 /* MainSplitViewController.swift */,
				521F9E471C0366ED00129859 /* SourceListTabViewController.swift */,
				521F9E481C0366ED00129859 /* ContentTabViewController.swift */,
				521F9E491C0366ED00129859 /* SourceListViewController.swift */,
				521F9E4F1C03671000129859 /* Main.storyboard */,
				52092B081BF259E500B2A1EE /* Assets.xcassets */,
				52092B0D1BF259E500B2A1EE /* Info.plist */,
			);
			path = "Keystone-OSX";
			sourceTree = "<group>";
		};
		52092B191BF25A0000B2A1EE /* Keystone_OSX_Model */ = {
			isa = PBXGroup;
			children = (
				521F9E141C0176A200129859 /* Pure Swift Model */,
				52092B291BF26FD300B2A1EE /* Shared-Core Data */,
				52092B1A1BF25A0000B2A1EE /* Keystone_OSX_Model.h */,
				52092B1C1BF25A0100B2A1EE /* Info.plist */,
			);
			path = Keystone_OSX_Model;
			sourceTree = "<group>";
		};
		52092B291BF26FD300B2A1EE /* Shared-Core Data */ = {
			isa = PBXGroup;
			children = (
				52092B851BF2773200B2A1EE /* Helpers */,
				52092B2A1BF26FD300B2A1EE /* Keystone.xcdatamodel */,
				52092B2C1BF2701A00B2A1EE /* ProblemCollection.swift */,
			);
			name = "Shared-Core Data";
			path = "../../../Shared/Core Data";
			sourceTree = "<group>";
		};
		52092B851BF2773200B2A1EE /* Helpers */ = {
			isa = PBXGroup;
			children = (
				52092B691BF2772800B2A1EE /* NSFetchRequest+Extensions.swift */,
				52092B6A1BF2772800B2A1EE /* ValueTransformer.swift */,
				52092B6B1BF2772800B2A1EE /* NSManagedObjectContext+Observers.swift */,
				52092B6C1BF2772800B2A1EE /* ModelBuilder.swift */,
				52092B6D1BF2772800B2A1EE /* Collection+CoreDataExtensions.swift */,
				52092B6E1BF2772800B2A1EE /* Utilities.swift */,
				52092B6F1BF2772800B2A1EE /* ModelVersionType.swift */,
				52092B701BF2772800B2A1EE /* ManagedObjectObserver.swift */,
				52092B711BF2772800B2A1EE /* NSManagedObjectContext+Extensions.swift */,
				52092B721BF2772800B2A1EE /* CoreDataErrors.swift */,
				52092B731BF2772800B2A1EE /* Migration.swift */,
				52092B741BF2772800B2A1EE /* NSPersistentStoreCoordinator+Extensions.swift */,
				52092B751BF2772800B2A1EE /* NSManagedObject+Extensions.swift */,
				52092B761BF2772800B2A1EE /* ManagedObject.swift */,
			);
			name = Helpers;
			sourceTree = "<group>";
		};
		521F9DD21C01737100129859 /* SourceListKit */ = {
			isa = PBXGroup;
			children = (
				521F9DDD1C0173A900129859 /* SourceListConfigurationProvider.swift */,
				521F9DDE1C0173A900129859 /* SourceListItemsProvider.swift */,
				521F9DDF1C0173A900129859 /* SourceListItem.swift */,
				521F9DE01C0173A900129859 /* TableCellView.swift */,
				521F9DE11C0173A900129859 /* SourceListHeaderCellView.swift */,
				521F9DE21C0173A900129859 /* SourceListDetailCellView.swift */,
				521F9DE31C0173A900129859 /* TableRowView.swift */,
				521F9DEB1C01742200129859 /* Constants.swift */,
				521F9DD31C01737100129859 /* SourceListKit.h */,
				521F9DD51C01737100129859 /* Info.plist */,
			);
			path = SourceListKit;
			sourceTree = "<group>";
		};
		521F9E141C0176A200129859 /* Pure Swift Model */ = {
			isa = PBXGroup;
			children = (
				521F9E241C017A3200129859 /* Student.swift */,
				521F9E211C017A3200129859 /* Assignment.swift */,
				521F9E231C017A3200129859 /* Problem.swift */,
				521F9E221C017A3200129859 /* List.swift */,
				521F9E311C017CDA00129859 /* Random Model Object */,
			);
			name = "Pure Swift Model";
			sourceTree = "<group>";
		};
		521F9E311C017CDA00129859 /* Random Model Object */ = {
			isa = PBXGroup;
			children = (
				521F9E321C017D2200129859 /* RandomModelProtocol.swift */,
				521F9E3F1C02B7D200129859 /* Student+Random.swift */,
				521F9E361C017DC900129859 /* Assignment+Random.swift */,
				521F9E3B1C019A7600129859 /* Problem+Random.swift */,
			);
			name = "Random Model Object";
			sourceTree = "<group>";
		};
		521F9E571C03768C00129859 /* UtilityKit_OSX */ = {
			isa = PBXGroup;
			children = (
				521F9E731C0377B000129859 /* AppKitExtensions.swift */,
				521F9E741C0377B000129859 /* Collection+Extensions.swift */,
				521F9E751C0377B000129859 /* Delay.swift */,
				521F9E761C0377B000129859 /* first-names.txt */,
				521F9E771C0377B000129859 /* last-names.txt */,
				521F9E781C0377B000129859 /* Person.swift */,
				521F9E581C03768C00129859 /* UtilityKit_OSX.h */,
				521F9E5A1C03768C00129859 /* Info.plist */,
			);
			path = UtilityKit_OSX;
			sourceTree = "<group>";
		};
		521F9E651C03768C00129859 /* UtilityKit_OSXTests */ = {
			isa = PBXGroup;
			children = (
				521F9E661C03768C00129859 /* UtilityKit_OSXTests.swift */,
				521F9E681C03768C00129859 /* Info.plist */,
			);
			path = UtilityKit_OSXTests;
			sourceTree = "<group>";
		};
/* End PBXGroup section */

/* Begin PBXHeadersBuildPhase section */
		52092B151BF25A0000B2A1EE /* Headers */ = {
			isa = PBXHeadersBuildPhase;
			buildActionMask = 2147483647;
			files = (
				52092B1B1BF25A0100B2A1EE /* Keystone_OSX_Model.h in Headers */,
			);
			runOnlyForDeploymentPostprocessing = 0;
		};
		521F9DCE1C01737100129859 /* Headers */ = {
			isa = PBXHeadersBuildPhase;
			buildActionMask = 2147483647;
			files = (
				521F9DD41C01737100129859 /* SourceListKit.h in Headers */,
			);
			runOnlyForDeploymentPostprocessing = 0;
		};
		521F9E531C03768C00129859 /* Headers */ = {
			isa = PBXHeadersBuildPhase;
			buildActionMask = 2147483647;
			files = (
				521F9E591C03768C00129859 /* UtilityKit_OSX.h in Headers */,
			);
			runOnlyForDeploymentPostprocessing = 0;
		};
/* End PBXHeadersBuildPhase section */

/* Begin PBXNativeTarget section */
		52092B001BF259E500B2A1EE /* Keystone-OSX */ = {
			isa = PBXNativeTarget;
			buildConfigurationList = 52092B101BF259E500B2A1EE /* Build configuration list for PBXNativeTarget "Keystone-OSX" */;
			buildPhases = (
				52092AFD1BF259E500B2A1EE /* Sources */,
				52092AFE1BF259E500B2A1EE /* Frameworks */,
				52092AFF1BF259E500B2A1EE /* Resources */,
				52092B241BF25A0100B2A1EE /* Embed Frameworks */,
			);
			buildRules = (
			);
			dependencies = (
				52092B1E1BF25A0100B2A1EE /* PBXTargetDependency */,
				521F9DD71C01737100129859 /* PBXTargetDependency */,
				521F9E6A1C03768C00129859 /* PBXTargetDependency */,
			);
			name = "Keystone-OSX";
			productName = "Keystone-OSX";
			productReference = 52092B011BF259E500B2A1EE /* Keystone-OSX.app */;
			productType = "com.apple.product-type.application";
		};
		52092B171BF25A0000B2A1EE /* Keystone_OSX_Model */ = {
			isa = PBXNativeTarget;
			buildConfigurationList = 52092B211BF25A0100B2A1EE /* Build configuration list for PBXNativeTarget "Keystone_OSX_Model" */;
			buildPhases = (
				52092B131BF25A0000B2A1EE /* Sources */,
				52092B141BF25A0000B2A1EE /* Frameworks */,
				52092B151BF25A0000B2A1EE /* Headers */,
				52092B161BF25A0000B2A1EE /* Resources */,
			);
			buildRules = (
			);
			dependencies = (
			);
			name = Keystone_OSX_Model;
			productName = Keystone_OSX_Model;
			productReference = 52092B181BF25A0000B2A1EE /* Keystone_OSX_Model.framework */;
			productType = "com.apple.product-type.framework";
		};
		521F9DD01C01737100129859 /* SourceListKit */ = {
			isa = PBXNativeTarget;
			buildConfigurationList = 521F9DDC1C01737100129859 /* Build configuration list for PBXNativeTarget "SourceListKit" */;
			buildPhases = (
				521F9DCC1C01737100129859 /* Sources */,
				521F9DCD1C01737100129859 /* Frameworks */,
				521F9DCE1C01737100129859 /* Headers */,
				521F9DCF1C01737100129859 /* Resources */,
			);
			buildRules = (
			);
			dependencies = (
			);
			name = SourceListKit;
			productName = SourceListKit;
			productReference = 521F9DD11C01737100129859 /* SourceListKit.framework */;
			productType = "com.apple.product-type.framework";
		};
		521F9E551C03768C00129859 /* UtilityKit_OSX */ = {
			isa = PBXNativeTarget;
			buildConfigurationList = 521F9E6D1C03768C00129859 /* Build configuration list for PBXNativeTarget "UtilityKit_OSX" */;
			buildPhases = (
				521F9E511C03768C00129859 /* Sources */,
				521F9E521C03768C00129859 /* Frameworks */,
				521F9E531C03768C00129859 /* Headers */,
				521F9E541C03768C00129859 /* Resources */,
			);
			buildRules = (
			);
			dependencies = (
			);
			name = UtilityKit_OSX;
			productName = UtilityKit_OSX;
			productReference = 521F9E561C03768C00129859 /* UtilityKit_OSX.framework */;
			productType = "com.apple.product-type.framework";
		};
		521F9E5E1C03768C00129859 /* UtilityKit_OSXTests */ = {
			isa = PBXNativeTarget;
			buildConfigurationList = 521F9E701C03768C00129859 /* Build configuration list for PBXNativeTarget "UtilityKit_OSXTests" */;
			buildPhases = (
				521F9E5B1C03768C00129859 /* Sources */,
				521F9E5C1C03768C00129859 /* Frameworks */,
				521F9E5D1C03768C00129859 /* Resources */,
			);
			buildRules = (
			);
			dependencies = (
				521F9E621C03768C00129859 /* PBXTargetDependency */,
				521F9E641C03768C00129859 /* PBXTargetDependency */,
			);
			name = UtilityKit_OSXTests;
			productName = UtilityKit_OSXTests;
			productReference = 521F9E5F1C03768C00129859 /* UtilityKit_OSXTests.xctest */;
			productType = "com.apple.product-type.bundle.unit-test";
		};
/* End PBXNativeTarget section */

/* Begin PBXProject section */
		52092AF91BF259E500B2A1EE /* Project object */ = {
			isa = PBXProject;
			attributes = {
				LastSwiftUpdateCheck = 0700;
				LastUpgradeCheck = 0700;
				ORGANIZATIONNAME = "Todd Olsen";
				TargetAttributes = {
					52092B001BF259E500B2A1EE = {
						CreatedOnToolsVersion = 7.0;
						DevelopmentTeam = 55SVD8WGE3;
						SystemCapabilities = {
							com.apple.InAppPurchase = {
								enabled = 1;
							};
							com.apple.Sandbox = {
								enabled = 1;
							};
							com.apple.iCloud = {
								enabled = 1;
							};
						};
					};
					52092B171BF25A0000B2A1EE = {
						CreatedOnToolsVersion = 7.0;
						DevelopmentTeam = 55SVD8WGE3;
					};
					521F9DD01C01737100129859 = {
						CreatedOnToolsVersion = 7.0;
						DevelopmentTeam = 55SVD8WGE3;
					};
					521F9E551C03768C00129859 = {
						CreatedOnToolsVersion = 7.0;
						DevelopmentTeam = 55SVD8WGE3;
					};
					521F9E5E1C03768C00129859 = {
						CreatedOnToolsVersion = 7.0;
						TestTargetID = 52092B001BF259E500B2A1EE;
					};
				};
			};
			buildConfigurationList = 52092AFC1BF259E500B2A1EE /* Build configuration list for PBXProject "Keystone-OSX" */;
			compatibilityVersion = "Xcode 3.2";
			developmentRegion = English;
			hasScannedForEncodings = 0;
			knownRegions = (
				en,
				Base,
			);
			mainGroup = 52092AF81BF259E500B2A1EE;
			productRefGroup = 52092B021BF259E500B2A1EE /* Products */;
			projectDirPath = "";
			projectRoot = "";
			targets = (
				52092B001BF259E500B2A1EE /* Keystone-OSX */,
				52092B171BF25A0000B2A1EE /* Keystone_OSX_Model */,
				521F9DD01C01737100129859 /* SourceListKit */,
				521F9E551C03768C00129859 /* UtilityKit_OSX */,
				521F9E5E1C03768C00129859 /* UtilityKit_OSXTests */,
			);
		};
/* End PBXProject section */

/* Begin PBXResourcesBuildPhase section */
		52092AFF1BF259E500B2A1EE /* Resources */ = {
			isa = PBXResourcesBuildPhase;
			buildActionMask = 2147483647;
			files = (
				52092B091BF259E500B2A1EE /* Assets.xcassets in Resources */,
				521F9E501C03671000129859 /* Main.storyboard in Resources */,
			);
			runOnlyForDeploymentPostprocessing = 0;
		};
		52092B161BF25A0000B2A1EE /* Resources */ = {
			isa = PBXResourcesBuildPhase;
			buildActionMask = 2147483647;
			files = (
			);
			runOnlyForDeploymentPostprocessing = 0;
		};
		521F9DCF1C01737100129859 /* Resources */ = {
			isa = PBXResourcesBuildPhase;
			buildActionMask = 2147483647;
			files = (
			);
			runOnlyForDeploymentPostprocessing = 0;
		};
		521F9E541C03768C00129859 /* Resources */ = {
			isa = PBXResourcesBuildPhase;
			buildActionMask = 2147483647;
			files = (
				521F9E7C1C0377B000129859 /* first-names.txt in Resources */,
				521F9E7D1C0377B000129859 /* last-names.txt in Resources */,
			);
			runOnlyForDeploymentPostprocessing = 0;
		};
		521F9E5D1C03768C00129859 /* Resources */ = {
			isa = PBXResourcesBuildPhase;
			buildActionMask = 2147483647;
			files = (
			);
			runOnlyForDeploymentPostprocessing = 0;
		};
/* End PBXResourcesBuildPhase section */

/* Begin PBXSourcesBuildPhase section */
		52092AFD1BF259E500B2A1EE /* Sources */ = {
			isa = PBXSourcesBuildPhase;
			buildActionMask = 2147483647;
			files = (
				521F9E4D1C0366ED00129859 /* ContentTabViewController.swift in Sources */,
				521F9E4C1C0366ED00129859 /* SourceListTabViewController.swift in Sources */,
				521F9E4B1C0366ED00129859 /* MainSplitViewController.swift in Sources */,
				521F9E4A1C0366ED00129859 /* WindowController.swift in Sources */,
				521F9E4E1C0366ED00129859 /* SourceListViewController.swift in Sources */,
				52092B051BF259E500B2A1EE /* AppDelegate.swift in Sources */,
			);
			runOnlyForDeploymentPostprocessing = 0;
		};
		52092B131BF25A0000B2A1EE /* Sources */ = {
			isa = PBXSourcesBuildPhase;
			buildActionMask = 2147483647;
			files = (
				521F9E251C017A3200129859 /* Assignment.swift in Sources */,
				52092B2B1BF26FD300B2A1EE /* Keystone.xcdatamodel in Sources */,
				521F9E401C02B7D200129859 /* Student+Random.swift in Sources */,
				52092B791BF2772800B2A1EE /* NSManagedObjectContext+Observers.swift in Sources */,
				521F9E281C017A3200129859 /* Student.swift in Sources */,
				52092B841BF2772800B2A1EE /* ManagedObject.swift in Sources */,
				52092B811BF2772800B2A1EE /* Migration.swift in Sources */,
				52092B781BF2772800B2A1EE /* ValueTransformer.swift in Sources */,
				52092B7A1BF2772800B2A1EE /* ModelBuilder.swift in Sources */,
				52092B7E1BF2772800B2A1EE /* ManagedObjectObserver.swift in Sources */,
				52092B2D1BF2701A00B2A1EE /* ProblemCollection.swift in Sources */,
				521F9E371C017DC900129859 /* Assignment+Random.swift in Sources */,
				52092B831BF2772800B2A1EE /* NSManagedObject+Extensions.swift in Sources */,
				52092B7D1BF2772800B2A1EE /* ModelVersionType.swift in Sources */,
				52092B801BF2772800B2A1EE /* CoreDataErrors.swift in Sources */,
				52092B771BF2772800B2A1EE /* NSFetchRequest+Extensions.swift in Sources */,
				52092B821BF2772800B2A1EE /* NSPersistentStoreCoordinator+Extensions.swift in Sources */,
				521F9E331C017D2200129859 /* RandomModelProtocol.swift in Sources */,
				521F9E271C017A3200129859 /* Problem.swift in Sources */,
				52092B7F1BF2772800B2A1EE /* NSManagedObjectContext+Extensions.swift in Sources */,
				521F9E3C1C019A7600129859 /* Problem+Random.swift in Sources */,
				52092B7C1BF2772800B2A1EE /* Utilities.swift in Sources */,
				52092B7B1BF2772800B2A1EE /* Collection+CoreDataExtensions.swift in Sources */,
				521F9E261C017A3200129859 /* List.swift in Sources */,
			);
			runOnlyForDeploymentPostprocessing = 0;
		};
		521F9DCC1C01737100129859 /* Sources */ = {
			isa = PBXSourcesBuildPhase;
			buildActionMask = 2147483647;
			files = (
				521F9DE91C0173A900129859 /* SourceListDetailCellView.swift in Sources */,
				521F9DE51C0173A900129859 /* SourceListItemsProvider.swift in Sources */,
				521F9DE71C0173A900129859 /* TableCellView.swift in Sources */,
				521F9DE61C0173A900129859 /* SourceListItem.swift in Sources */,
				521F9DE81C0173A900129859 /* SourceListHeaderCellView.swift in Sources */,
				521F9DE41C0173A900129859 /* SourceListConfigurationProvider.swift in Sources */,
				521F9DEA1C0173A900129859 /* TableRowView.swift in Sources */,
				521F9DEC1C01742200129859 /* Constants.swift in Sources */,
			);
			runOnlyForDeploymentPostprocessing = 0;
		};
		521F9E511C03768C00129859 /* Sources */ = {
			isa = PBXSourcesBuildPhase;
			buildActionMask = 2147483647;
			files = (
				521F9E7B1C0377B000129859 /* Delay.swift in Sources */,
				521F9E791C0377B000129859 /* AppKitExtensions.swift in Sources */,
				521F9E7E1C0377B000129859 /* Person.swift in Sources */,
				521F9E7A1C0377B000129859 /* Collection+Extensions.swift in Sources */,
			);
			runOnlyForDeploymentPostprocessing = 0;
		};
		521F9E5B1C03768C00129859 /* Sources */ = {
			isa = PBXSourcesBuildPhase;
			buildActionMask = 2147483647;
			files = (
				521F9E671C03768C00129859 /* UtilityKit_OSXTests.swift in Sources */,
			);
			runOnlyForDeploymentPostprocessing = 0;
		};
/* End PBXSourcesBuildPhase section */

/* Begin PBXTargetDependency section */
		52092B1E1BF25A0100B2A1EE /* PBXTargetDependency */ = {
			isa = PBXTargetDependency;
			target = 52092B171BF25A0000B2A1EE /* Keystone_OSX_Model */;
			targetProxy = 52092B1D1BF25A0100B2A1EE /* PBXContainerItemProxy */;
		};
		521F9DD71C01737100129859 /* PBXTargetDependency */ = {
			isa = PBXTargetDependency;
			target = 521F9DD01C01737100129859 /* SourceListKit */;
			targetProxy = 521F9DD61C01737100129859 /* PBXContainerItemProxy */;
		};
		521F9E621C03768C00129859 /* PBXTargetDependency */ = {
			isa = PBXTargetDependency;
			target = 521F9E551C03768C00129859 /* UtilityKit_OSX */;
			targetProxy = 521F9E611C03768C00129859 /* PBXContainerItemProxy */;
		};
		521F9E641C03768C00129859 /* PBXTargetDependency */ = {
			isa = PBXTargetDependency;
			target = 52092B001BF259E500B2A1EE /* Keystone-OSX */;
			targetProxy = 521F9E631C03768C00129859 /* PBXContainerItemProxy */;
		};
		521F9E6A1C03768C00129859 /* PBXTargetDependency */ = {
			isa = PBXTargetDependency;
			target = 521F9E551C03768C00129859 /* UtilityKit_OSX */;
			targetProxy = 521F9E691C03768C00129859 /* PBXContainerItemProxy */;
		};
/* End PBXTargetDependency section */

/* Begin XCBuildConfiguration section */
		52092B0E1BF259E500B2A1EE /* Debug */ = {
			isa = XCBuildConfiguration;
			buildSettings = {
				ALWAYS_SEARCH_USER_PATHS = NO;
				CLANG_CXX_LANGUAGE_STANDARD = "gnu++0x";
				CLANG_CXX_LIBRARY = "libc++";
				CLANG_ENABLE_MODULES = YES;
				CLANG_ENABLE_OBJC_ARC = YES;
				CLANG_WARN_BOOL_CONVERSION = YES;
				CLANG_WARN_CONSTANT_CONVERSION = YES;
				CLANG_WARN_DIRECT_OBJC_ISA_USAGE = YES_ERROR;
				CLANG_WARN_EMPTY_BODY = YES;
				CLANG_WARN_ENUM_CONVERSION = YES;
				CLANG_WARN_INT_CONVERSION = YES;
				CLANG_WARN_OBJC_ROOT_CLASS = YES_ERROR;
				CLANG_WARN_UNREACHABLE_CODE = YES;
				CLANG_WARN__DUPLICATE_METHOD_MATCH = YES;
				CODE_SIGN_IDENTITY = "-";
				COPY_PHASE_STRIP = NO;
				DEBUG_INFORMATION_FORMAT = dwarf;
				ENABLE_STRICT_OBJC_MSGSEND = YES;
				ENABLE_TESTABILITY = YES;
				GCC_C_LANGUAGE_STANDARD = gnu99;
				GCC_DYNAMIC_NO_PIC = NO;
				GCC_NO_COMMON_BLOCKS = YES;
				GCC_OPTIMIZATION_LEVEL = 0;
				GCC_PREPROCESSOR_DEFINITIONS = (
					"DEBUG=1",
					"$(inherited)",
				);
				GCC_WARN_64_TO_32_BIT_CONVERSION = YES;
				GCC_WARN_ABOUT_RETURN_TYPE = YES_ERROR;
				GCC_WARN_UNDECLARED_SELECTOR = YES;
				GCC_WARN_UNINITIALIZED_AUTOS = YES_AGGRESSIVE;
				GCC_WARN_UNUSED_FUNCTION = YES;
				GCC_WARN_UNUSED_VARIABLE = YES;
				MACOSX_DEPLOYMENT_TARGET = 10.11;
				MTL_ENABLE_DEBUG_INFO = YES;
				ONLY_ACTIVE_ARCH = YES;
				SDKROOT = macosx;
				SWIFT_OPTIMIZATION_LEVEL = "-Onone";
			};
			name = Debug;
		};
		52092B0F1BF259E500B2A1EE /* Release */ = {
			isa = XCBuildConfiguration;
			buildSettings = {
				ALWAYS_SEARCH_USER_PATHS = NO;
				CLANG_CXX_LANGUAGE_STANDARD = "gnu++0x";
				CLANG_CXX_LIBRARY = "libc++";
				CLANG_ENABLE_MODULES = YES;
				CLANG_ENABLE_OBJC_ARC = YES;
				CLANG_WARN_BOOL_CONVERSION = YES;
				CLANG_WARN_CONSTANT_CONVERSION = YES;
				CLANG_WARN_DIRECT_OBJC_ISA_USAGE = YES_ERROR;
				CLANG_WARN_EMPTY_BODY = YES;
				CLANG_WARN_ENUM_CONVERSION = YES;
				CLANG_WARN_INT_CONVERSION = YES;
				CLANG_WARN_OBJC_ROOT_CLASS = YES_ERROR;
				CLANG_WARN_UNREACHABLE_CODE = YES;
				CLANG_WARN__DUPLICATE_METHOD_MATCH = YES;
				CODE_SIGN_IDENTITY = "-";
				COPY_PHASE_STRIP = NO;
				DEBUG_INFORMATION_FORMAT = "dwarf-with-dsym";
				ENABLE_NS_ASSERTIONS = NO;
				ENABLE_STRICT_OBJC_MSGSEND = YES;
				GCC_C_LANGUAGE_STANDARD = gnu99;
				GCC_NO_COMMON_BLOCKS = YES;
				GCC_WARN_64_TO_32_BIT_CONVERSION = YES;
				GCC_WARN_ABOUT_RETURN_TYPE = YES_ERROR;
				GCC_WARN_UNDECLARED_SELECTOR = YES;
				GCC_WARN_UNINITIALIZED_AUTOS = YES_AGGRESSIVE;
				GCC_WARN_UNUSED_FUNCTION = YES;
				GCC_WARN_UNUSED_VARIABLE = YES;
				MACOSX_DEPLOYMENT_TARGET = 10.11;
				MTL_ENABLE_DEBUG_INFO = NO;
				SDKROOT = macosx;
			};
			name = Release;
		};
		52092B111BF259E500B2A1EE /* Debug */ = {
			isa = XCBuildConfiguration;
			buildSettings = {
				ASSETCATALOG_COMPILER_APPICON_NAME = AppIcon;
				CODE_SIGN_ENTITLEMENTS = "Keystone-OSX/Keystone-OSX.entitlements";
				CODE_SIGN_IDENTITY = "Mac Developer";
				"CODE_SIGN_IDENTITY[sdk=macosx*]" = "Mac Developer";
				COMBINE_HIDPI_IMAGES = YES;
				EMBEDDED_CONTENT_CONTAINS_SWIFT = YES;
				INFOPLIST_FILE = "Keystone-OSX/Info.plist";
				LD_RUNPATH_SEARCH_PATHS = "$(inherited) @executable_path/../Frameworks";
				PRODUCT_BUNDLE_IDENTIFIER = "com.Todd-Olsen.Keystone-OSX";
				PRODUCT_NAME = "$(TARGET_NAME)";
				PROVISIONING_PROFILE = "";
			};
			name = Debug;
		};
		52092B121BF259E500B2A1EE /* Release */ = {
			isa = XCBuildConfiguration;
			buildSettings = {
				ASSETCATALOG_COMPILER_APPICON_NAME = AppIcon;
				CODE_SIGN_ENTITLEMENTS = "Keystone-OSX/Keystone-OSX.entitlements";
				CODE_SIGN_IDENTITY = "Mac Developer";
				"CODE_SIGN_IDENTITY[sdk=macosx*]" = "Mac Developer";
				COMBINE_HIDPI_IMAGES = YES;
				EMBEDDED_CONTENT_CONTAINS_SWIFT = YES;
				INFOPLIST_FILE = "Keystone-OSX/Info.plist";
				LD_RUNPATH_SEARCH_PATHS = "$(inherited) @executable_path/../Frameworks";
				PRODUCT_BUNDLE_IDENTIFIER = "com.Todd-Olsen.Keystone-OSX";
				PRODUCT_NAME = "$(TARGET_NAME)";
				PROVISIONING_PROFILE = "";
			};
			name = Release;
		};
		52092B221BF25A0100B2A1EE /* Debug */ = {
			isa = XCBuildConfiguration;
			buildSettings = {
				CODE_SIGN_IDENTITY = "Mac Developer";
				COMBINE_HIDPI_IMAGES = YES;
				CURRENT_PROJECT_VERSION = 1;
				DEFINES_MODULE = YES;
				DYLIB_COMPATIBILITY_VERSION = 1;
				DYLIB_CURRENT_VERSION = 1;
				DYLIB_INSTALL_NAME_BASE = "@rpath";
				FRAMEWORK_VERSION = A;
				INFOPLIST_FILE = Keystone_OSX_Model/Info.plist;
				INSTALL_PATH = "$(LOCAL_LIBRARY_DIR)/Frameworks";
				LD_RUNPATH_SEARCH_PATHS = "$(inherited) @executable_path/../Frameworks @loader_path/Frameworks";
				PRODUCT_BUNDLE_IDENTIFIER = "com.Todd-Olsen.Keystone-OSX-Model";
				PRODUCT_NAME = "$(TARGET_NAME)";
				SKIP_INSTALL = YES;
				VERSIONING_SYSTEM = "apple-generic";
				VERSION_INFO_PREFIX = "";
			};
			name = Debug;
		};
		52092B231BF25A0100B2A1EE /* Release */ = {
			isa = XCBuildConfiguration;
			buildSettings = {
				CODE_SIGN_IDENTITY = "Mac Developer";
				COMBINE_HIDPI_IMAGES = YES;
				CURRENT_PROJECT_VERSION = 1;
				DEFINES_MODULE = YES;
				DYLIB_COMPATIBILITY_VERSION = 1;
				DYLIB_CURRENT_VERSION = 1;
				DYLIB_INSTALL_NAME_BASE = "@rpath";
				FRAMEWORK_VERSION = A;
				INFOPLIST_FILE = Keystone_OSX_Model/Info.plist;
				INSTALL_PATH = "$(LOCAL_LIBRARY_DIR)/Frameworks";
				LD_RUNPATH_SEARCH_PATHS = "$(inherited) @executable_path/../Frameworks @loader_path/Frameworks";
				PRODUCT_BUNDLE_IDENTIFIER = "com.Todd-Olsen.Keystone-OSX-Model";
				PRODUCT_NAME = "$(TARGET_NAME)";
				SKIP_INSTALL = YES;
				VERSIONING_SYSTEM = "apple-generic";
				VERSION_INFO_PREFIX = "";
			};
			name = Release;
		};
		521F9DDA1C01737100129859 /* Debug */ = {
			isa = XCBuildConfiguration;
			buildSettings = {
				CLANG_ENABLE_MODULES = YES;
				CODE_SIGN_IDENTITY = "Mac Developer";
				"CODE_SIGN_IDENTITY[sdk=macosx*]" = "Mac Developer";
				COMBINE_HIDPI_IMAGES = YES;
				CURRENT_PROJECT_VERSION = 1;
				DEFINES_MODULE = YES;
				DYLIB_COMPATIBILITY_VERSION = 1;
				DYLIB_CURRENT_VERSION = 1;
				DYLIB_INSTALL_NAME_BASE = "@rpath";
				FRAMEWORK_VERSION = A;
				INFOPLIST_FILE = SourceListKit/Info.plist;
				INSTALL_PATH = "$(LOCAL_LIBRARY_DIR)/Frameworks";
				LD_RUNPATH_SEARCH_PATHS = "$(inherited) @executable_path/../Frameworks @loader_path/Frameworks";
				PRODUCT_BUNDLE_IDENTIFIER = "com.Todd-Olsen.SourceListKit";
				PRODUCT_NAME = "$(TARGET_NAME)";
				SKIP_INSTALL = YES;
				SWIFT_OPTIMIZATION_LEVEL = "-Onone";
				VERSIONING_SYSTEM = "apple-generic";
				VERSION_INFO_PREFIX = "";
			};
			name = Debug;
		};
		521F9DDB1C01737100129859 /* Release */ = {
			isa = XCBuildConfiguration;
			buildSettings = {
				CLANG_ENABLE_MODULES = YES;
				CODE_SIGN_IDENTITY = "Mac Developer";
				"CODE_SIGN_IDENTITY[sdk=macosx*]" = "Mac Developer";
				COMBINE_HIDPI_IMAGES = YES;
				CURRENT_PROJECT_VERSION = 1;
				DEFINES_MODULE = YES;
				DYLIB_COMPATIBILITY_VERSION = 1;
				DYLIB_CURRENT_VERSION = 1;
				DYLIB_INSTALL_NAME_BASE = "@rpath";
				FRAMEWORK_VERSION = A;
				INFOPLIST_FILE = SourceListKit/Info.plist;
				INSTALL_PATH = "$(LOCAL_LIBRARY_DIR)/Frameworks";
				LD_RUNPATH_SEARCH_PATHS = "$(inherited) @executable_path/../Frameworks @loader_path/Frameworks";
				PRODUCT_BUNDLE_IDENTIFIER = "com.Todd-Olsen.SourceListKit";
				PRODUCT_NAME = "$(TARGET_NAME)";
				SKIP_INSTALL = YES;
				VERSIONING_SYSTEM = "apple-generic";
				VERSION_INFO_PREFIX = "";
			};
			name = Release;
		};
		521F9E6E1C03768C00129859 /* Debug */ = {
			isa = XCBuildConfiguration;
			buildSettings = {
				CLANG_ENABLE_MODULES = YES;
				CODE_SIGN_IDENTITY = "Mac Developer";
				"CODE_SIGN_IDENTITY[sdk=macosx*]" = "Mac Developer";
				COMBINE_HIDPI_IMAGES = YES;
				CURRENT_PROJECT_VERSION = 1;
				DEFINES_MODULE = YES;
				DYLIB_COMPATIBILITY_VERSION = 1;
				DYLIB_CURRENT_VERSION = 1;
				DYLIB_INSTALL_NAME_BASE = "@rpath";
				FRAMEWORK_VERSION = A;
				INFOPLIST_FILE = UtilityKit_OSX/Info.plist;
				INSTALL_PATH = "$(LOCAL_LIBRARY_DIR)/Frameworks";
				LD_RUNPATH_SEARCH_PATHS = "$(inherited) @executable_path/../Frameworks @loader_path/Frameworks";
				PRODUCT_BUNDLE_IDENTIFIER = "com.Todd-Olsen.UtilityKit-OSX";
				PRODUCT_NAME = "$(TARGET_NAME)";
				SKIP_INSTALL = YES;
				SWIFT_OPTIMIZATION_LEVEL = "-Onone";
				VERSIONING_SYSTEM = "apple-generic";
				VERSION_INFO_PREFIX = "";
			};
			name = Debug;
		};
		521F9E6F1C03768C00129859 /* Release */ = {
			isa = XCBuildConfiguration;
			buildSettings = {
				CLANG_ENABLE_MODULES = YES;
				CODE_SIGN_IDENTITY = "Mac Developer";
				"CODE_SIGN_IDENTITY[sdk=macosx*]" = "Mac Developer";
				COMBINE_HIDPI_IMAGES = YES;
				CURRENT_PROJECT_VERSION = 1;
				DEFINES_MODULE = YES;
				DYLIB_COMPATIBILITY_VERSION = 1;
				DYLIB_CURRENT_VERSION = 1;
				DYLIB_INSTALL_NAME_BASE = "@rpath";
				FRAMEWORK_VERSION = A;
				INFOPLIST_FILE = UtilityKit_OSX/Info.plist;
				INSTALL_PATH = "$(LOCAL_LIBRARY_DIR)/Frameworks";
				LD_RUNPATH_SEARCH_PATHS = "$(inherited) @executable_path/../Frameworks @loader_path/Frameworks";
				PRODUCT_BUNDLE_IDENTIFIER = "com.Todd-Olsen.UtilityKit-OSX";
				PRODUCT_NAME = "$(TARGET_NAME)";
				SKIP_INSTALL = YES;
				VERSIONING_SYSTEM = "apple-generic";
				VERSION_INFO_PREFIX = "";
			};
			name = Release;
		};
		521F9E711C03768C00129859 /* Debug */ = {
			isa = XCBuildConfiguration;
			buildSettings = {
				COMBINE_HIDPI_IMAGES = YES;
				INFOPLIST_FILE = UtilityKit_OSXTests/Info.plist;
				LD_RUNPATH_SEARCH_PATHS = "$(inherited) @executable_path/../Frameworks @loader_path/../Frameworks";
				PRODUCT_BUNDLE_IDENTIFIER = "com.Todd-Olsen.UtilityKit-OSXTests";
				PRODUCT_NAME = "$(TARGET_NAME)";
				TEST_HOST = "$(BUILT_PRODUCTS_DIR)/Keystone-OSX.app/Contents/MacOS/Keystone-OSX";
			};
			name = Debug;
		};
		521F9E721C03768C00129859 /* Release */ = {
			isa = XCBuildConfiguration;
			buildSettings = {
				COMBINE_HIDPI_IMAGES = YES;
				INFOPLIST_FILE = UtilityKit_OSXTests/Info.plist;
				LD_RUNPATH_SEARCH_PATHS = "$(inherited) @executable_path/../Frameworks @loader_path/../Frameworks";
				PRODUCT_BUNDLE_IDENTIFIER = "com.Todd-Olsen.UtilityKit-OSXTests";
				PRODUCT_NAME = "$(TARGET_NAME)";
				TEST_HOST = "$(BUILT_PRODUCTS_DIR)/Keystone-OSX.app/Contents/MacOS/Keystone-OSX";
			};
			name = Release;
		};
/* End XCBuildConfiguration section */

/* Begin XCConfigurationList section */
		52092AFC1BF259E500B2A1EE /* Build configuration list for PBXProject "Keystone-OSX" */ = {
			isa = XCConfigurationList;
			buildConfigurations = (
				52092B0E1BF259E500B2A1EE /* Debug */,
				52092B0F1BF259E500B2A1EE /* Release */,
			);
			defaultConfigurationIsVisible = 0;
			defaultConfigurationName = Release;
		};
		52092B101BF259E500B2A1EE /* Build configuration list for PBXNativeTarget "Keystone-OSX" */ = {
			isa = XCConfigurationList;
			buildConfigurations = (
				52092B111BF259E500B2A1EE /* Debug */,
				52092B121BF259E500B2A1EE /* Release */,
			);
			defaultConfigurationIsVisible = 0;
			defaultConfigurationName = Release;
		};
		52092B211BF25A0100B2A1EE /* Build configuration list for PBXNativeTarget "Keystone_OSX_Model" */ = {
			isa = XCConfigurationList;
			buildConfigurations = (
				52092B221BF25A0100B2A1EE /* Debug */,
				52092B231BF25A0100B2A1EE /* Release */,
			);
			defaultConfigurationIsVisible = 0;
			defaultConfigurationName = Release;
		};
		521F9DDC1C01737100129859 /* Build configuration list for PBXNativeTarget "SourceListKit" */ = {
			isa = XCConfigurationList;
			buildConfigurations = (
				521F9DDA1C01737100129859 /* Debug */,
				521F9DDB1C01737100129859 /* Release */,
			);
			defaultConfigurationIsVisible = 0;
			defaultConfigurationName = Release;
		};
		521F9E6D1C03768C00129859 /* Build configuration list for PBXNativeTarget "UtilityKit_OSX" */ = {
			isa = XCConfigurationList;
			buildConfigurations = (
				521F9E6E1C03768C00129859 /* Debug */,
				521F9E6F1C03768C00129859 /* Release */,
			);
			defaultConfigurationIsVisible = 0;
		};
		521F9E701C03768C00129859 /* Build configuration list for PBXNativeTarget "UtilityKit_OSXTests" */ = {
			isa = XCConfigurationList;
			buildConfigurations = (
				521F9E711C03768C00129859 /* Debug */,
				521F9E721C03768C00129859 /* Release */,
			);
			defaultConfigurationIsVisible = 0;
		};
/* End XCConfigurationList section */
	};
	rootObject = 52092AF91BF259E500B2A1EE /* Project object */;
}
